// !$*UTF8*$!
{
	archiveVersion = 1;
	classes = {
	};
	objectVersion = 56;
	objects = {

/* Begin PBXBuildFile section */
		0D1BDBC328FC5B0C004F1D93 /* Sort.m in Sources */ = {isa = PBXBuildFile; fileRef = 0D1BDBC228FC5B0C004F1D93 /* Sort.m */; };
		0D1BDBC728FC61A8004F1D93 /* BubbleSort.m in Sources */ = {isa = PBXBuildFile; fileRef = 0D1BDBC628FC61A8004F1D93 /* BubbleSort.m */; };
		0D1BDBCA28FC61B7004F1D93 /* SelectionSort.m in Sources */ = {isa = PBXBuildFile; fileRef = 0D1BDBC928FC61B7004F1D93 /* SelectionSort.m */; };
		0D1BDBCD28FC61C4004F1D93 /* HeapSort.m in Sources */ = {isa = PBXBuildFile; fileRef = 0D1BDBCC28FC61C4004F1D93 /* HeapSort.m */; };
		0D1BDBD028FD3812004F1D93 /* InsertionSort.m in Sources */ = {isa = PBXBuildFile; fileRef = 0D1BDBCF28FD3812004F1D93 /* InsertionSort.m */; };
		0D1BDBD528FD4677004F1D93 /* BinarySearch.m in Sources */ = {isa = PBXBuildFile; fileRef = 0D1BDBD428FD4677004F1D93 /* BinarySearch.m */; };
		0D1BDBD828FD60F7004F1D93 /* MergeSort.m in Sources */ = {isa = PBXBuildFile; fileRef = 0D1BDBD728FD60F7004F1D93 /* MergeSort.m */; };
		0D1BDC0128FD93D6004F1D93 /* QuickSort.m in Sources */ = {isa = PBXBuildFile; fileRef = 0D1BDC0028FD93D6004F1D93 /* QuickSort.m */; };
		0D1BDC0428FD98FB004F1D93 /* ShellSort.m in Sources */ = {isa = PBXBuildFile; fileRef = 0D1BDC0328FD98FB004F1D93 /* ShellSort.m */; };
		0D1BDC0728FD992E004F1D93 /* CountingSort.m in Sources */ = {isa = PBXBuildFile; fileRef = 0D1BDC0628FD992E004F1D93 /* CountingSort.m */; };
		0D1BDC0A28FD9964004F1D93 /* RadixSort.m in Sources */ = {isa = PBXBuildFile; fileRef = 0D1BDC0928FD9964004F1D93 /* RadixSort.m */; };
		0D1BDC0D28FD9994004F1D93 /* BucketSort.m in Sources */ = {isa = PBXBuildFile; fileRef = 0D1BDC0C28FD9994004F1D93 /* BucketSort.m */; };
		0D1BDC1128FEEA31004F1D93 /* UnionFind.m in Sources */ = {isa = PBXBuildFile; fileRef = 0D1BDC1028FEEA31004F1D93 /* UnionFind.m */; };
		0D1BDC1428FEEA4B004F1D93 /* UnionFind_QF.m in Sources */ = {isa = PBXBuildFile; fileRef = 0D1BDC1328FEEA4B004F1D93 /* UnionFind_QF.m */; };
		0D1BDC1728FEEA5A004F1D93 /* UnionFind_QU.m in Sources */ = {isa = PBXBuildFile; fileRef = 0D1BDC1628FEEA5A004F1D93 /* UnionFind_QU.m */; };
		0D1BDC1A28FEEA90004F1D93 /* UnionFind_QU_Size.m in Sources */ = {isa = PBXBuildFile; fileRef = 0D1BDC1928FEEA90004F1D93 /* UnionFind_QU_Size.m */; };
		0D1BDC1D28FEEB70004F1D93 /* UnionFind_QU_Rank.m in Sources */ = {isa = PBXBuildFile; fileRef = 0D1BDC1C28FEEB70004F1D93 /* UnionFind_QU_Rank.m */; };
		0D1BDC2028FEEB91004F1D93 /* UnionFind_QU_Rank_PC.m in Sources */ = {isa = PBXBuildFile; fileRef = 0D1BDC1F28FEEB91004F1D93 /* UnionFind_QU_Rank_PC.m */; };
		0D1BDC2328FEEBA0004F1D93 /* UnionFind_QU_Rank_PS.m in Sources */ = {isa = PBXBuildFile; fileRef = 0D1BDC2228FEEBA0004F1D93 /* UnionFind_QU_Rank_PS.m */; };
		0D1BDC2628FEEBB0004F1D93 /* UnionFind_QU_Rank_PH.m in Sources */ = {isa = PBXBuildFile; fileRef = 0D1BDC2528FEEBB0004F1D93 /* UnionFind_QU_Rank_PH.m */; };
		0D1BDC2928FEEBE2004F1D93 /* UnionFindNode.m in Sources */ = {isa = PBXBuildFile; fileRef = 0D1BDC2828FEEBE2004F1D93 /* UnionFindNode.m */; };
		0D1BDC2C28FEEBF7004F1D93 /* GenericUnionFind.m in Sources */ = {isa = PBXBuildFile; fileRef = 0D1BDC2B28FEEBF7004F1D93 /* GenericUnionFind.m */; };
		0D1BDC3728FFD237004F1D93 /* Edge.m in Sources */ = {isa = PBXBuildFile; fileRef = 0D1BDC3628FFD237004F1D93 /* Edge.m */; };
		0D1BDC3A28FFD248004F1D93 /* Vertex.m in Sources */ = {isa = PBXBuildFile; fileRef = 0D1BDC3928FFD248004F1D93 /* Vertex.m */; };
		0D1BDC3D28FFD258004F1D93 /* Graph.m in Sources */ = {isa = PBXBuildFile; fileRef = 0D1BDC3C28FFD258004F1D93 /* Graph.m */; };
		0D1BDC4028FFE41B004F1D93 /* ListGraph.m in Sources */ = {isa = PBXBuildFile; fileRef = 0D1BDC3F28FFE41B004F1D93 /* ListGraph.m */; };
		0D1BDC4628FFE47A004F1D93 /* Path.m in Sources */ = {isa = PBXBuildFile; fileRef = 0D1BDC4528FFE47A004F1D93 /* Path.m */; };
		0D66C5A728F8213000D280E2 /* QueueStack.m in Sources */ = {isa = PBXBuildFile; fileRef = 0D66C5A628F8213000D280E2 /* QueueStack.m */; };
		0D82B82F29019F0100759054 /* GraphTest.m in Sources */ = {isa = PBXBuildFile; fileRef = 0D82B82E29019F0100759054 /* GraphTest.m */; };
		0DC90B4E28EF4F8400AA8754 /* AVLTree.m in Sources */ = {isa = PBXBuildFile; fileRef = 0DC90AD528EF4F8300AA8754 /* AVLTree.m */; };
		0DC90B4F28EF4F8400AA8754 /* AVLNode.m in Sources */ = {isa = PBXBuildFile; fileRef = 0DC90AD628EF4F8300AA8754 /* AVLNode.m */; };
		0DC90B5028EF4F8400AA8754 /* BinaryTree.m in Sources */ = {isa = PBXBuildFile; fileRef = 0DC90ADC28EF4F8400AA8754 /* BinaryTree.m */; };
		0DC90B5128EF4F8400AA8754 /* TreeNode.m in Sources */ = {isa = PBXBuildFile; fileRef = 0DC90ADD28EF4F8400AA8754 /* TreeNode.m */; };
		0DC90B5228EF4F8400AA8754 /* MJInorderPrinter.m in Sources */ = {isa = PBXBuildFile; fileRef = 0DC90AE128EF4F8400AA8754 /* MJInorderPrinter.m */; };
		0DC90B5328EF4F8400AA8754 /* MJLevelOrderPrinter.m in Sources */ = {isa = PBXBuildFile; fileRef = 0DC90AE428EF4F8400AA8754 /* MJLevelOrderPrinter.m */; };
		0DC90B5428EF4F8400AA8754 /* MJPrinter.m in Sources */ = {isa = PBXBuildFile; fileRef = 0DC90AE628EF4F8400AA8754 /* MJPrinter.m */; };
		0DC90B5528EF4F8400AA8754 /* MJBinaryTrees.m in Sources */ = {isa = PBXBuildFile; fileRef = 0DC90AE828EF4F8400AA8754 /* MJBinaryTrees.m */; };
		0DC90B5628EF4F8400AA8754 /* NSString+Trees.m in Sources */ = {isa = PBXBuildFile; fileRef = 0DC90AE928EF4F8400AA8754 /* NSString+Trees.m */; };
		0DC90B5728EF4F8400AA8754 /* RBNode.m in Sources */ = {isa = PBXBuildFile; fileRef = 0DC90B0228EF4F8400AA8754 /* RBNode.m */; };
		0DC90B5828EF4F8400AA8754 /* RBTree.m in Sources */ = {isa = PBXBuildFile; fileRef = 0DC90B0328EF4F8400AA8754 /* RBTree.m */; };
		0DC90B5928EF4F8400AA8754 /* BBSTree.m in Sources */ = {isa = PBXBuildFile; fileRef = 0DC90B1928EF4F8400AA8754 /* BBSTree.m */; };
		0DC90B5A28EF4F8400AA8754 /* BSTree.m in Sources */ = {isa = PBXBuildFile; fileRef = 0DC90B1C28EF4F8400AA8754 /* BSTree.m */; };
		0DC90B5B28EF4F8400AA8754 /* SingleCircleLinkedList.m in Sources */ = {isa = PBXBuildFile; fileRef = 0DC90B2A28EF4F8400AA8754 /* SingleCircleLinkedList.m */; };
		0DC90B5C28EF4F8400AA8754 /* DoubleLinkList.m in Sources */ = {isa = PBXBuildFile; fileRef = 0DC90B2D28EF4F8400AA8754 /* DoubleLinkList.m */; };
		0DC90B5D28EF4F8400AA8754 /* DoubleCircleLinkedList.m in Sources */ = {isa = PBXBuildFile; fileRef = 0DC90B2F28EF4F8400AA8754 /* DoubleCircleLinkedList.m */; };
		0DC90B5E28EF4F8400AA8754 /* LinkedList.m in Sources */ = {isa = PBXBuildFile; fileRef = 0DC90B3128EF4F8400AA8754 /* LinkedList.m */; };
		0DC90B5F28EF4F8400AA8754 /* Deque.m in Sources */ = {isa = PBXBuildFile; fileRef = 0DC90B3428EF4F8400AA8754 /* Deque.m */; };
		0DC90B6028EF4F8400AA8754 /* StackQueue.m in Sources */ = {isa = PBXBuildFile; fileRef = 0DC90B3528EF4F8400AA8754 /* StackQueue.m */; };
		0DC90B6128EF4F8400AA8754 /* Queue.m in Sources */ = {isa = PBXBuildFile; fileRef = 0DC90B3728EF4F8400AA8754 /* Queue.m */; };
		0DC90B6228EF4F8400AA8754 /* CircleDeque.m in Sources */ = {isa = PBXBuildFile; fileRef = 0DC90B3828EF4F8400AA8754 /* CircleDeque.m */; };
		0DC90B6328EF4F8400AA8754 /* CircleQueue.m in Sources */ = {isa = PBXBuildFile; fileRef = 0DC90B3B28EF4F8400AA8754 /* CircleQueue.m */; };
		0DC90B6428EF4F8400AA8754 /* List.m in Sources */ = {isa = PBXBuildFile; fileRef = 0DC90B3F28EF4F8400AA8754 /* List.m */; };
		0DC90B6528EF4F8400AA8754 /* AbstractList.m in Sources */ = {isa = PBXBuildFile; fileRef = 0DC90B4128EF4F8400AA8754 /* AbstractList.m */; };
		0DC90B6628EF4F8400AA8754 /* LinkNode.m in Sources */ = {isa = PBXBuildFile; fileRef = 0DC90B4328EF4F8400AA8754 /* LinkNode.m */; };
		0DC90B6728EF4F8400AA8754 /* Stack.m in Sources */ = {isa = PBXBuildFile; fileRef = 0DC90B4628EF4F8400AA8754 /* Stack.m */; };
		0DC90B6828EF4F8400AA8754 /* ArrayList.m in Sources */ = {isa = PBXBuildFile; fileRef = 0DC90B4A28EF4F8400AA8754 /* ArrayList.m */; };
		0DC90B6A28EF661600AA8754 /* main.m in Sources */ = {isa = PBXBuildFile; fileRef = 0DC90B6928EF661600AA8754 /* main.m */; };
		0DC90B7B28EF667C00AA8754 /* TreeSet.m in Sources */ = {isa = PBXBuildFile; fileRef = 0DC90B7228EF667C00AA8754 /* TreeSet.m */; };
		0DC90B7C28EF667C00AA8754 /* ListSet.m in Sources */ = {isa = PBXBuildFile; fileRef = 0DC90B7628EF667C00AA8754 /* ListSet.m */; };
		0DC90B7D28EF667C00AA8754 /* Set.m in Sources */ = {isa = PBXBuildFile; fileRef = 0DC90B7728EF667C00AA8754 /* Set.m */; };
		0DC90B8728EF6C6D00AA8754 /* Map.m in Sources */ = {isa = PBXBuildFile; fileRef = 0DC90B8328EF6C6D00AA8754 /* Map.m */; };
		0DC90B8828EF6C6D00AA8754 /* TreeMap.m in Sources */ = {isa = PBXBuildFile; fileRef = 0DC90B8428EF6C6D00AA8754 /* TreeMap.m */; };
		0DC90B8928EF6C6D00AA8754 /* HashMap.m in Sources */ = {isa = PBXBuildFile; fileRef = 0DC90B8528EF6C6D00AA8754 /* HashMap.m */; };
		0DC90B8A28EF6C6D00AA8754 /* MapNode.m in Sources */ = {isa = PBXBuildFile; fileRef = 0DC90B8628EF6C6D00AA8754 /* MapNode.m */; };
		0DC90C4E28F0252600AA8754 /* AbstractHeap.m in Sources */ = {isa = PBXBuildFile; fileRef = 0DC90C4828F0252500AA8754 /* AbstractHeap.m */; };
		0DC90C4F28F0252600AA8754 /* BinaryHeap.m in Sources */ = {isa = PBXBuildFile; fileRef = 0DC90C4928F0252500AA8754 /* BinaryHeap.m */; };
		0DC90C5028F0252600AA8754 /* Heap.m in Sources */ = {isa = PBXBuildFile; fileRef = 0DC90C4D28F0252600AA8754 /* Heap.m */; };
		0DC90C5328F0257800AA8754 /* PriorityQueue.m in Sources */ = {isa = PBXBuildFile; fileRef = 0DC90C5128F0257800AA8754 /* PriorityQueue.m */; };
		0DC90C5928F025F100AA8754 /* TrieNode.m in Sources */ = {isa = PBXBuildFile; fileRef = 0DC90C5528F025F100AA8754 /* TrieNode.m */; };
		0DC90C5A28F025F100AA8754 /* Trie.m in Sources */ = {isa = PBXBuildFile; fileRef = 0DC90C5628F025F100AA8754 /* Trie.m */; };
		0DC90C5E28F02ACF00AA8754 /* HashNode.m in Sources */ = {isa = PBXBuildFile; fileRef = 0DC90C5D28F02ACF00AA8754 /* HashNode.m */; };
		0DC90C6128F02B7200AA8754 /* HashSet.m in Sources */ = {isa = PBXBuildFile; fileRef = 0DC90C6028F02B7200AA8754 /* HashSet.m */; };
		0DC90C6828F1207F00AA8754 /* ArrayListUpgrade.m in Sources */ = {isa = PBXBuildFile; fileRef = 0DC90C6728F1207F00AA8754 /* ArrayListUpgrade.m */; };
		0DE82A8228F357A800711210 /* LinkHashMap.m in Sources */ = {isa = PBXBuildFile; fileRef = 0DE82A8128F357A800711210 /* LinkHashMap.m */; };
		0DE82A8528F3E02000711210 /* LinkHashNode.m in Sources */ = {isa = PBXBuildFile; fileRef = 0DE82A8428F3E02000711210 /* LinkHashNode.m */; };
/* End PBXBuildFile section */

/* Begin PBXCopyFilesBuildPhase section */
		0DC90AC528EF4F4100AA8754 /* CopyFiles */ = {
			isa = PBXCopyFilesBuildPhase;
			buildActionMask = 2147483647;
			dstPath = /usr/share/man/man1/;
			dstSubfolderSpec = 0;
			files = (
			);
			runOnlyForDeploymentPostprocessing = 1;
		};
/* End PBXCopyFilesBuildPhase section */

/* Begin PBXFileReference section */
		0D1BDBB728F9DA58004F1D93 /* 恋上数据结构与算法-第二季.pdf */ = {isa = PBXFileReference; lastKnownFileType = image.pdf; path = "恋上数据结构与算法-第二季.pdf"; sourceTree = "<group>"; };
		0D1BDBC128FC5B0C004F1D93 /* Sort.h */ = {isa = PBXFileReference; lastKnownFileType = sourcecode.c.h; path = Sort.h; sourceTree = "<group>"; };
		0D1BDBC228FC5B0C004F1D93 /* Sort.m */ = {isa = PBXFileReference; lastKnownFileType = sourcecode.c.objc; path = Sort.m; sourceTree = "<group>"; };
		0D1BDBC428FC5F3B004F1D93 /* PrefixHeader.pch */ = {isa = PBXFileReference; fileEncoding = 4; lastKnownFileType = sourcecode.c.h; path = PrefixHeader.pch; sourceTree = "<group>"; };
		0D1BDBC528FC61A8004F1D93 /* BubbleSort.h */ = {isa = PBXFileReference; lastKnownFileType = sourcecode.c.h; path = BubbleSort.h; sourceTree = "<group>"; };
		0D1BDBC628FC61A8004F1D93 /* BubbleSort.m */ = {isa = PBXFileReference; lastKnownFileType = sourcecode.c.objc; path = BubbleSort.m; sourceTree = "<group>"; };
		0D1BDBC828FC61B7004F1D93 /* SelectionSort.h */ = {isa = PBXFileReference; lastKnownFileType = sourcecode.c.h; path = SelectionSort.h; sourceTree = "<group>"; };
		0D1BDBC928FC61B7004F1D93 /* SelectionSort.m */ = {isa = PBXFileReference; lastKnownFileType = sourcecode.c.objc; path = SelectionSort.m; sourceTree = "<group>"; };
		0D1BDBCB28FC61C4004F1D93 /* HeapSort.h */ = {isa = PBXFileReference; lastKnownFileType = sourcecode.c.h; path = HeapSort.h; sourceTree = "<group>"; };
		0D1BDBCC28FC61C4004F1D93 /* HeapSort.m */ = {isa = PBXFileReference; lastKnownFileType = sourcecode.c.objc; path = HeapSort.m; sourceTree = "<group>"; };
		0D1BDBCE28FD3812004F1D93 /* InsertionSort.h */ = {isa = PBXFileReference; lastKnownFileType = sourcecode.c.h; path = InsertionSort.h; sourceTree = "<group>"; };
		0D1BDBCF28FD3812004F1D93 /* InsertionSort.m */ = {isa = PBXFileReference; lastKnownFileType = sourcecode.c.objc; path = InsertionSort.m; sourceTree = "<group>"; };
		0D1BDBD328FD4677004F1D93 /* BinarySearch.h */ = {isa = PBXFileReference; lastKnownFileType = sourcecode.c.h; path = BinarySearch.h; sourceTree = "<group>"; };
		0D1BDBD428FD4677004F1D93 /* BinarySearch.m */ = {isa = PBXFileReference; lastKnownFileType = sourcecode.c.objc; path = BinarySearch.m; sourceTree = "<group>"; };
		0D1BDBD628FD60F7004F1D93 /* MergeSort.h */ = {isa = PBXFileReference; lastKnownFileType = sourcecode.c.h; path = MergeSort.h; sourceTree = "<group>"; };
		0D1BDBD728FD60F7004F1D93 /* MergeSort.m */ = {isa = PBXFileReference; lastKnownFileType = sourcecode.c.objc; path = MergeSort.m; sourceTree = "<group>"; };
		0D1BDBDA28FD6A85004F1D93 /* 基数排序.gif */ = {isa = PBXFileReference; lastKnownFileType = image.gif; path = "基数排序.gif"; sourceTree = "<group>"; };
		0D1BDBDB28FD6A85004F1D93 /* quickSort.gif */ = {isa = PBXFileReference; lastKnownFileType = image.gif; path = quickSort.gif; sourceTree = "<group>"; };
		0D1BDBDC28FD6A85004F1D93 /* 堆排序.gif */ = {isa = PBXFileReference; lastKnownFileType = image.gif; path = "堆排序.gif"; sourceTree = "<group>"; };
		0D1BDBDD28FD6A85004F1D93 /* 归并排序.gif */ = {isa = PBXFileReference; lastKnownFileType = image.gif; path = "归并排序.gif"; sourceTree = "<group>"; };
		0D1BDBDE28FD6A85004F1D93 /* 计数排序.gif */ = {isa = PBXFileReference; lastKnownFileType = image.gif; path = "计数排序.gif"; sourceTree = "<group>"; };
		0D1BDBDF28FD6A86004F1D93 /* bubbleSort.gif */ = {isa = PBXFileReference; lastKnownFileType = image.gif; path = bubbleSort.gif; sourceTree = "<group>"; };
		0D1BDBE028FD6A86004F1D93 /* selectionSort.gif */ = {isa = PBXFileReference; lastKnownFileType = image.gif; path = selectionSort.gif; sourceTree = "<group>"; };
		0D1BDBE128FD6A86004F1D93 /* radixSort.gif */ = {isa = PBXFileReference; lastKnownFileType = image.gif; path = radixSort.gif; sourceTree = "<group>"; };
		0D1BDBE228FD6A86004F1D93 /* 冒泡排序.gif */ = {isa = PBXFileReference; lastKnownFileType = image.gif; path = "冒泡排序.gif"; sourceTree = "<group>"; };
		0D1BDBE328FD6A86004F1D93 /* insertionSort.gif */ = {isa = PBXFileReference; lastKnownFileType = image.gif; path = insertionSort.gif; sourceTree = "<group>"; };
		0D1BDBE428FD6A86004F1D93 /* 插入排序.gif */ = {isa = PBXFileReference; lastKnownFileType = image.gif; path = "插入排序.gif"; sourceTree = "<group>"; };
		0D1BDBE528FD6A86004F1D93 /* 希尔排序.gif */ = {isa = PBXFileReference; lastKnownFileType = image.gif; path = "希尔排序.gif"; sourceTree = "<group>"; };
		0D1BDBE628FD6A86004F1D93 /* 桶排序.gif */ = {isa = PBXFileReference; lastKnownFileType = image.gif; path = "桶排序.gif"; sourceTree = "<group>"; };
		0D1BDBE728FD6A87004F1D93 /* countingSort.gif */ = {isa = PBXFileReference; lastKnownFileType = image.gif; path = countingSort.gif; sourceTree = "<group>"; };
		0D1BDBE828FD6A87004F1D93 /* 快速排序.gif */ = {isa = PBXFileReference; lastKnownFileType = image.gif; path = "快速排序.gif"; sourceTree = "<group>"; };
		0D1BDBE928FD6A87004F1D93 /* 选择排序.gif */ = {isa = PBXFileReference; lastKnownFileType = image.gif; path = "选择排序.gif"; sourceTree = "<group>"; };
		0D1BDBEA28FD6A87004F1D93 /* heapSort.gif */ = {isa = PBXFileReference; lastKnownFileType = image.gif; path = heapSort.gif; sourceTree = "<group>"; };
		0D1BDBEB28FD6A87004F1D93 /* mergeSort.gif */ = {isa = PBXFileReference; lastKnownFileType = image.gif; path = mergeSort.gif; sourceTree = "<group>"; };
		0D1BDBFF28FD93D6004F1D93 /* QuickSort.h */ = {isa = PBXFileReference; lastKnownFileType = sourcecode.c.h; path = QuickSort.h; sourceTree = "<group>"; };
		0D1BDC0028FD93D6004F1D93 /* QuickSort.m */ = {isa = PBXFileReference; lastKnownFileType = sourcecode.c.objc; path = QuickSort.m; sourceTree = "<group>"; };
		0D1BDC0228FD98FB004F1D93 /* ShellSort.h */ = {isa = PBXFileReference; lastKnownFileType = sourcecode.c.h; path = ShellSort.h; sourceTree = "<group>"; };
		0D1BDC0328FD98FB004F1D93 /* ShellSort.m */ = {isa = PBXFileReference; lastKnownFileType = sourcecode.c.objc; path = ShellSort.m; sourceTree = "<group>"; };
		0D1BDC0528FD992E004F1D93 /* CountingSort.h */ = {isa = PBXFileReference; lastKnownFileType = sourcecode.c.h; path = CountingSort.h; sourceTree = "<group>"; };
		0D1BDC0628FD992E004F1D93 /* CountingSort.m */ = {isa = PBXFileReference; lastKnownFileType = sourcecode.c.objc; path = CountingSort.m; sourceTree = "<group>"; };
		0D1BDC0828FD9964004F1D93 /* RadixSort.h */ = {isa = PBXFileReference; lastKnownFileType = sourcecode.c.h; path = RadixSort.h; sourceTree = "<group>"; };
		0D1BDC0928FD9964004F1D93 /* RadixSort.m */ = {isa = PBXFileReference; lastKnownFileType = sourcecode.c.objc; path = RadixSort.m; sourceTree = "<group>"; };
		0D1BDC0B28FD9994004F1D93 /* BucketSort.h */ = {isa = PBXFileReference; lastKnownFileType = sourcecode.c.h; path = BucketSort.h; sourceTree = "<group>"; };
		0D1BDC0C28FD9994004F1D93 /* BucketSort.m */ = {isa = PBXFileReference; lastKnownFileType = sourcecode.c.objc; path = BucketSort.m; sourceTree = "<group>"; };
		0D1BDC0F28FEEA31004F1D93 /* UnionFind.h */ = {isa = PBXFileReference; lastKnownFileType = sourcecode.c.h; path = UnionFind.h; sourceTree = "<group>"; };
		0D1BDC1028FEEA31004F1D93 /* UnionFind.m */ = {isa = PBXFileReference; lastKnownFileType = sourcecode.c.objc; path = UnionFind.m; sourceTree = "<group>"; };
		0D1BDC1228FEEA4B004F1D93 /* UnionFind_QF.h */ = {isa = PBXFileReference; lastKnownFileType = sourcecode.c.h; path = UnionFind_QF.h; sourceTree = "<group>"; };
		0D1BDC1328FEEA4B004F1D93 /* UnionFind_QF.m */ = {isa = PBXFileReference; lastKnownFileType = sourcecode.c.objc; path = UnionFind_QF.m; sourceTree = "<group>"; };
		0D1BDC1528FEEA5A004F1D93 /* UnionFind_QU.h */ = {isa = PBXFileReference; lastKnownFileType = sourcecode.c.h; path = UnionFind_QU.h; sourceTree = "<group>"; };
		0D1BDC1628FEEA5A004F1D93 /* UnionFind_QU.m */ = {isa = PBXFileReference; lastKnownFileType = sourcecode.c.objc; path = UnionFind_QU.m; sourceTree = "<group>"; };
		0D1BDC1828FEEA90004F1D93 /* UnionFind_QU_Size.h */ = {isa = PBXFileReference; lastKnownFileType = sourcecode.c.h; path = UnionFind_QU_Size.h; sourceTree = "<group>"; };
		0D1BDC1928FEEA90004F1D93 /* UnionFind_QU_Size.m */ = {isa = PBXFileReference; lastKnownFileType = sourcecode.c.objc; path = UnionFind_QU_Size.m; sourceTree = "<group>"; };
		0D1BDC1B28FEEB70004F1D93 /* UnionFind_QU_Rank.h */ = {isa = PBXFileReference; lastKnownFileType = sourcecode.c.h; path = UnionFind_QU_Rank.h; sourceTree = "<group>"; };
		0D1BDC1C28FEEB70004F1D93 /* UnionFind_QU_Rank.m */ = {isa = PBXFileReference; lastKnownFileType = sourcecode.c.objc; path = UnionFind_QU_Rank.m; sourceTree = "<group>"; };
		0D1BDC1E28FEEB91004F1D93 /* UnionFind_QU_Rank_PC.h */ = {isa = PBXFileReference; lastKnownFileType = sourcecode.c.h; path = UnionFind_QU_Rank_PC.h; sourceTree = "<group>"; };
		0D1BDC1F28FEEB91004F1D93 /* UnionFind_QU_Rank_PC.m */ = {isa = PBXFileReference; lastKnownFileType = sourcecode.c.objc; path = UnionFind_QU_Rank_PC.m; sourceTree = "<group>"; };
		0D1BDC2128FEEBA0004F1D93 /* UnionFind_QU_Rank_PS.h */ = {isa = PBXFileReference; lastKnownFileType = sourcecode.c.h; path = UnionFind_QU_Rank_PS.h; sourceTree = "<group>"; };
		0D1BDC2228FEEBA0004F1D93 /* UnionFind_QU_Rank_PS.m */ = {isa = PBXFileReference; lastKnownFileType = sourcecode.c.objc; path = UnionFind_QU_Rank_PS.m; sourceTree = "<group>"; };
		0D1BDC2428FEEBB0004F1D93 /* UnionFind_QU_Rank_PH.h */ = {isa = PBXFileReference; lastKnownFileType = sourcecode.c.h; path = UnionFind_QU_Rank_PH.h; sourceTree = "<group>"; };
		0D1BDC2528FEEBB0004F1D93 /* UnionFind_QU_Rank_PH.m */ = {isa = PBXFileReference; lastKnownFileType = sourcecode.c.objc; path = UnionFind_QU_Rank_PH.m; sourceTree = "<group>"; };
		0D1BDC2728FEEBE2004F1D93 /* UnionFindNode.h */ = {isa = PBXFileReference; lastKnownFileType = sourcecode.c.h; path = UnionFindNode.h; sourceTree = "<group>"; };
		0D1BDC2828FEEBE2004F1D93 /* UnionFindNode.m */ = {isa = PBXFileReference; lastKnownFileType = sourcecode.c.objc; path = UnionFindNode.m; sourceTree = "<group>"; };
		0D1BDC2A28FEEBF7004F1D93 /* GenericUnionFind.h */ = {isa = PBXFileReference; lastKnownFileType = sourcecode.c.h; path = GenericUnionFind.h; sourceTree = "<group>"; };
		0D1BDC2B28FEEBF7004F1D93 /* GenericUnionFind.m */ = {isa = PBXFileReference; lastKnownFileType = sourcecode.c.objc; path = GenericUnionFind.m; sourceTree = "<group>"; };
		0D1BDC3328FF1141004F1D93 /* 排序算法00.PNG */ = {isa = PBXFileReference; lastKnownFileType = image.png; path = "排序算法00.PNG"; sourceTree = "<group>"; };
		0D1BDC3528FFD237004F1D93 /* Edge.h */ = {isa = PBXFileReference; lastKnownFileType = sourcecode.c.h; path = Edge.h; sourceTree = "<group>"; };
		0D1BDC3628FFD237004F1D93 /* Edge.m */ = {isa = PBXFileReference; lastKnownFileType = sourcecode.c.objc; path = Edge.m; sourceTree = "<group>"; };
		0D1BDC3828FFD248004F1D93 /* Vertex.h */ = {isa = PBXFileReference; lastKnownFileType = sourcecode.c.h; path = Vertex.h; sourceTree = "<group>"; };
		0D1BDC3928FFD248004F1D93 /* Vertex.m */ = {isa = PBXFileReference; lastKnownFileType = sourcecode.c.objc; path = Vertex.m; sourceTree = "<group>"; };
		0D1BDC3B28FFD258004F1D93 /* Graph.h */ = {isa = PBXFileReference; lastKnownFileType = sourcecode.c.h; path = Graph.h; sourceTree = "<group>"; };
		0D1BDC3C28FFD258004F1D93 /* Graph.m */ = {isa = PBXFileReference; lastKnownFileType = sourcecode.c.objc; path = Graph.m; sourceTree = "<group>"; };
		0D1BDC3E28FFE41B004F1D93 /* ListGraph.h */ = {isa = PBXFileReference; lastKnownFileType = sourcecode.c.h; path = ListGraph.h; sourceTree = "<group>"; };
		0D1BDC3F28FFE41B004F1D93 /* ListGraph.m */ = {isa = PBXFileReference; lastKnownFileType = sourcecode.c.objc; path = ListGraph.m; sourceTree = "<group>"; };
		0D1BDC4428FFE47A004F1D93 /* Path.h */ = {isa = PBXFileReference; lastKnownFileType = sourcecode.c.h; path = Path.h; sourceTree = "<group>"; };
		0D1BDC4528FFE47A004F1D93 /* Path.m */ = {isa = PBXFileReference; lastKnownFileType = sourcecode.c.objc; path = Path.m; sourceTree = "<group>"; };
		0D66C5A528F8213000D280E2 /* QueueStack.h */ = {isa = PBXFileReference; lastKnownFileType = sourcecode.c.h; path = QueueStack.h; sourceTree = "<group>"; };
		0D66C5A628F8213000D280E2 /* QueueStack.m */ = {isa = PBXFileReference; lastKnownFileType = sourcecode.c.objc; path = QueueStack.m; sourceTree = "<group>"; };
		0D82B82D29019F0100759054 /* GraphTest.h */ = {isa = PBXFileReference; lastKnownFileType = sourcecode.c.h; path = GraphTest.h; sourceTree = "<group>"; };
		0D82B82E29019F0100759054 /* GraphTest.m */ = {isa = PBXFileReference; lastKnownFileType = sourcecode.c.objc; path = GraphTest.m; sourceTree = "<group>"; };
		0DC90AC728EF4F4100AA8754 /* Love_DataStructure_Algorithm_OC */ = {isa = PBXFileReference; explicitFileType = "compiled.mach-o.executable"; includeInIndex = 0; path = Love_DataStructure_Algorithm_OC; sourceTree = BUILT_PRODUCTS_DIR; };
		0DC90AD228EF4F8300AA8754 /* 恋上数据结构与算法-第一季.pdf */ = {isa = PBXFileReference; lastKnownFileType = image.pdf; path = "恋上数据结构与算法-第一季.pdf"; sourceTree = "<group>"; };
		0DC90AD528EF4F8300AA8754 /* AVLTree.m */ = {isa = PBXFileReference; fileEncoding = 4; lastKnownFileType = sourcecode.c.objc; path = AVLTree.m; sourceTree = "<group>"; };
		0DC90AD628EF4F8300AA8754 /* AVLNode.m */ = {isa = PBXFileReference; fileEncoding = 4; lastKnownFileType = sourcecode.c.objc; path = AVLNode.m; sourceTree = "<group>"; };
		0DC90AD728EF4F8300AA8754 /* AVLNode.h */ = {isa = PBXFileReference; fileEncoding = 4; lastKnownFileType = sourcecode.c.h; path = AVLNode.h; sourceTree = "<group>"; };
		0DC90AD928EF4F8300AA8754 /* ALV树.PNG */ = {isa = PBXFileReference; lastKnownFileType = image.png; path = "ALV树.PNG"; sourceTree = "<group>"; };
		0DC90ADA28EF4F8300AA8754 /* AVLTree.h */ = {isa = PBXFileReference; fileEncoding = 4; lastKnownFileType = sourcecode.c.h; path = AVLTree.h; sourceTree = "<group>"; };
		0DC90ADC28EF4F8400AA8754 /* BinaryTree.m */ = {isa = PBXFileReference; fileEncoding = 4; lastKnownFileType = sourcecode.c.objc; path = BinaryTree.m; sourceTree = "<group>"; };
		0DC90ADD28EF4F8400AA8754 /* TreeNode.m */ = {isa = PBXFileReference; fileEncoding = 4; lastKnownFileType = sourcecode.c.objc; path = TreeNode.m; sourceTree = "<group>"; };
		0DC90ADF28EF4F8400AA8754 /* MJLevelOrderPrinter.h */ = {isa = PBXFileReference; fileEncoding = 4; lastKnownFileType = sourcecode.c.h; path = MJLevelOrderPrinter.h; sourceTree = "<group>"; };
		0DC90AE028EF4F8400AA8754 /* MJBinaryTrees.h */ = {isa = PBXFileReference; fileEncoding = 4; lastKnownFileType = sourcecode.c.h; path = MJBinaryTrees.h; sourceTree = "<group>"; };
		0DC90AE128EF4F8400AA8754 /* MJInorderPrinter.m */ = {isa = PBXFileReference; fileEncoding = 4; lastKnownFileType = sourcecode.c.objc; path = MJInorderPrinter.m; sourceTree = "<group>"; };
		0DC90AE228EF4F8400AA8754 /* MJPrinter.h */ = {isa = PBXFileReference; fileEncoding = 4; lastKnownFileType = sourcecode.c.h; path = MJPrinter.h; sourceTree = "<group>"; };
		0DC90AE328EF4F8400AA8754 /* NSString+Trees.h */ = {isa = PBXFileReference; fileEncoding = 4; lastKnownFileType = sourcecode.c.h; path = "NSString+Trees.h"; sourceTree = "<group>"; };
		0DC90AE428EF4F8400AA8754 /* MJLevelOrderPrinter.m */ = {isa = PBXFileReference; fileEncoding = 4; lastKnownFileType = sourcecode.c.objc; path = MJLevelOrderPrinter.m; sourceTree = "<group>"; };
		0DC90AE528EF4F8400AA8754 /* MJBinaryTreeInfo.h */ = {isa = PBXFileReference; fileEncoding = 4; lastKnownFileType = sourcecode.c.h; path = MJBinaryTreeInfo.h; sourceTree = "<group>"; };
		0DC90AE628EF4F8400AA8754 /* MJPrinter.m */ = {isa = PBXFileReference; fileEncoding = 4; lastKnownFileType = sourcecode.c.objc; path = MJPrinter.m; sourceTree = "<group>"; };
		0DC90AE728EF4F8400AA8754 /* MJInorderPrinter.h */ = {isa = PBXFileReference; fileEncoding = 4; lastKnownFileType = sourcecode.c.h; path = MJInorderPrinter.h; sourceTree = "<group>"; };
		0DC90AE828EF4F8400AA8754 /* MJBinaryTrees.m */ = {isa = PBXFileReference; fileEncoding = 4; lastKnownFileType = sourcecode.c.objc; path = MJBinaryTrees.m; sourceTree = "<group>"; };
		0DC90AE928EF4F8400AA8754 /* NSString+Trees.m */ = {isa = PBXFileReference; fileEncoding = 4; lastKnownFileType = sourcecode.c.objc; path = "NSString+Trees.m"; sourceTree = "<group>"; };
		0DC90AEA28EF4F8400AA8754 /* TreeNode.h */ = {isa = PBXFileReference; fileEncoding = 4; lastKnownFileType = sourcecode.c.h; path = TreeNode.h; sourceTree = "<group>"; };
		0DC90AEB28EF4F8400AA8754 /* BinaryTree.h */ = {isa = PBXFileReference; fileEncoding = 4; lastKnownFileType = sourcecode.c.h; path = BinaryTree.h; sourceTree = "<group>"; };
		0DC90AED28EF4F8400AA8754 /* 二叉树遍历04.PNG */ = {isa = PBXFileReference; lastKnownFileType = image.png; path = "二叉树遍历04.PNG"; sourceTree = "<group>"; };
		0DC90AEE28EF4F8400AA8754 /* 二叉树02.PNG */ = {isa = PBXFileReference; lastKnownFileType = image.png; path = "二叉树02.PNG"; sourceTree = "<group>"; };
		0DC90AEF28EF4F8400AA8754 /* 二叉树03.PNG */ = {isa = PBXFileReference; lastKnownFileType = image.png; path = "二叉树03.PNG"; sourceTree = "<group>"; };
		0DC90AF028EF4F8400AA8754 /* 二叉树遍历05.PNG */ = {isa = PBXFileReference; lastKnownFileType = image.png; path = "二叉树遍历05.PNG"; sourceTree = "<group>"; };
		0DC90AF128EF4F8400AA8754 /* 二叉树遍历07.PNG */ = {isa = PBXFileReference; lastKnownFileType = image.png; path = "二叉树遍历07.PNG"; sourceTree = "<group>"; };
		0DC90AF228EF4F8400AA8754 /* 二叉树01.PNG */ = {isa = PBXFileReference; lastKnownFileType = image.png; path = "二叉树01.PNG"; sourceTree = "<group>"; };
		0DC90AF328EF4F8400AA8754 /* 二叉树后继节点.PNG */ = {isa = PBXFileReference; lastKnownFileType = image.png; path = "二叉树后继节点.PNG"; sourceTree = "<group>"; };
		0DC90AF428EF4F8400AA8754 /* 二叉树遍历06.PNG */ = {isa = PBXFileReference; lastKnownFileType = image.png; path = "二叉树遍历06.PNG"; sourceTree = "<group>"; };
		0DC90AF528EF4F8400AA8754 /* 二叉树遍历02.PNG */ = {isa = PBXFileReference; lastKnownFileType = image.png; path = "二叉树遍历02.PNG"; sourceTree = "<group>"; };
		0DC90AF628EF4F8400AA8754 /* 二叉树04.PNG */ = {isa = PBXFileReference; lastKnownFileType = image.png; path = "二叉树04.PNG"; sourceTree = "<group>"; };
		0DC90AF728EF4F8400AA8754 /* 二叉树05.PNG */ = {isa = PBXFileReference; lastKnownFileType = image.png; path = "二叉树05.PNG"; sourceTree = "<group>"; };
		0DC90AF828EF4F8400AA8754 /* 二叉树遍历03.PNG */ = {isa = PBXFileReference; lastKnownFileType = image.png; path = "二叉树遍历03.PNG"; sourceTree = "<group>"; };
		0DC90AF928EF4F8400AA8754 /* 二叉树遍历01.PNG */ = {isa = PBXFileReference; lastKnownFileType = image.png; path = "二叉树遍历01.PNG"; sourceTree = "<group>"; };
		0DC90AFA28EF4F8400AA8754 /* 二叉树07.PNG */ = {isa = PBXFileReference; lastKnownFileType = image.png; path = "二叉树07.PNG"; sourceTree = "<group>"; };
		0DC90AFB28EF4F8400AA8754 /* 二叉树06.PNG */ = {isa = PBXFileReference; lastKnownFileType = image.png; path = "二叉树06.PNG"; sourceTree = "<group>"; };
		0DC90AFC28EF4F8400AA8754 /* 二叉树遍历00.PNG */ = {isa = PBXFileReference; lastKnownFileType = image.png; path = "二叉树遍历00.PNG"; sourceTree = "<group>"; };
		0DC90AFD28EF4F8400AA8754 /* 二叉树08.PNG */ = {isa = PBXFileReference; lastKnownFileType = image.png; path = "二叉树08.PNG"; sourceTree = "<group>"; };
		0DC90AFE28EF4F8400AA8754 /* 二叉树09.PNG */ = {isa = PBXFileReference; lastKnownFileType = image.png; path = "二叉树09.PNG"; sourceTree = "<group>"; };
		0DC90AFF28EF4F8400AA8754 /* 二叉树遍历08.PNG */ = {isa = PBXFileReference; lastKnownFileType = image.png; path = "二叉树遍历08.PNG"; sourceTree = "<group>"; };
		0DC90B0028EF4F8400AA8754 /* 二叉树前驱节点.PNG */ = {isa = PBXFileReference; lastKnownFileType = image.png; path = "二叉树前驱节点.PNG"; sourceTree = "<group>"; };
		0DC90B0228EF4F8400AA8754 /* RBNode.m */ = {isa = PBXFileReference; fileEncoding = 4; lastKnownFileType = sourcecode.c.objc; path = RBNode.m; sourceTree = "<group>"; };
		0DC90B0328EF4F8400AA8754 /* RBTree.m */ = {isa = PBXFileReference; fileEncoding = 4; lastKnownFileType = sourcecode.c.objc; path = RBTree.m; sourceTree = "<group>"; };
		0DC90B0428EF4F8400AA8754 /* RBTree.h */ = {isa = PBXFileReference; fileEncoding = 4; lastKnownFileType = sourcecode.c.h; path = RBTree.h; sourceTree = "<group>"; };
		0DC90B0528EF4F8400AA8754 /* RBNode.h */ = {isa = PBXFileReference; fileEncoding = 4; lastKnownFileType = sourcecode.c.h; path = RBNode.h; sourceTree = "<group>"; };
		0DC90B0728EF4F8400AA8754 /* 红黑树删除03.PNG */ = {isa = PBXFileReference; lastKnownFileType = image.png; path = "红黑树删除03.PNG"; sourceTree = "<group>"; };
		0DC90B0828EF4F8400AA8754 /* 红黑树删除02.PNG */ = {isa = PBXFileReference; lastKnownFileType = image.png; path = "红黑树删除02.PNG"; sourceTree = "<group>"; };
		0DC90B0928EF4F8400AA8754 /* 红黑树删除01.PNG */ = {isa = PBXFileReference; lastKnownFileType = image.png; path = "红黑树删除01.PNG"; sourceTree = "<group>"; };
		0DC90B0A28EF4F8400AA8754 /* 红黑树删除05.PNG */ = {isa = PBXFileReference; lastKnownFileType = image.png; path = "红黑树删除05.PNG"; sourceTree = "<group>"; };
		0DC90B0B28EF4F8400AA8754 /* 红黑树添加08.PNG */ = {isa = PBXFileReference; lastKnownFileType = image.png; path = "红黑树添加08.PNG"; sourceTree = "<group>"; };
		0DC90B0C28EF4F8400AA8754 /* 红黑树删除04.PNG */ = {isa = PBXFileReference; lastKnownFileType = image.png; path = "红黑树删除04.PNG"; sourceTree = "<group>"; };
		0DC90B0D28EF4F8400AA8754 /* 红黑树删除06.PNG */ = {isa = PBXFileReference; lastKnownFileType = image.png; path = "红黑树删除06.PNG"; sourceTree = "<group>"; };
		0DC90B0E28EF4F8400AA8754 /* 红黑树删除07.PNG */ = {isa = PBXFileReference; lastKnownFileType = image.png; path = "红黑树删除07.PNG"; sourceTree = "<group>"; };
		0DC90B0F28EF4F8400AA8754 /* 红黑树添加07.PNG */ = {isa = PBXFileReference; lastKnownFileType = image.png; path = "红黑树添加07.PNG"; sourceTree = "<group>"; };
		0DC90B1028EF4F8400AA8754 /* 红黑树添加06.PNG */ = {isa = PBXFileReference; lastKnownFileType = image.png; path = "红黑树添加06.PNG"; sourceTree = "<group>"; };
		0DC90B1128EF4F8400AA8754 /* 红黑树添加04.PNG */ = {isa = PBXFileReference; lastKnownFileType = image.png; path = "红黑树添加04.PNG"; sourceTree = "<group>"; };
		0DC90B1228EF4F8400AA8754 /* 红黑树添加05.PNG */ = {isa = PBXFileReference; lastKnownFileType = image.png; path = "红黑树添加05.PNG"; sourceTree = "<group>"; };
		0DC90B1328EF4F8400AA8754 /* 红黑树删除08.PNG */ = {isa = PBXFileReference; lastKnownFileType = image.png; path = "红黑树删除08.PNG"; sourceTree = "<group>"; };
		0DC90B1428EF4F8400AA8754 /* 红黑树添加01.PNG */ = {isa = PBXFileReference; lastKnownFileType = image.png; path = "红黑树添加01.PNG"; sourceTree = "<group>"; };
		0DC90B1528EF4F8400AA8754 /* 红黑树添加02.PNG */ = {isa = PBXFileReference; lastKnownFileType = image.png; path = "红黑树添加02.PNG"; sourceTree = "<group>"; };
		0DC90B1628EF4F8400AA8754 /* 红黑树添加03.PNG */ = {isa = PBXFileReference; lastKnownFileType = image.png; path = "红黑树添加03.PNG"; sourceTree = "<group>"; };
		0DC90B1728EF4F8400AA8754 /* 红黑树.PNG */ = {isa = PBXFileReference; lastKnownFileType = image.png; path = "红黑树.PNG"; sourceTree = "<group>"; };
		0DC90B1928EF4F8400AA8754 /* BBSTree.m */ = {isa = PBXFileReference; fileEncoding = 4; lastKnownFileType = sourcecode.c.objc; path = BBSTree.m; sourceTree = "<group>"; };
		0DC90B1A28EF4F8400AA8754 /* BSTree.h */ = {isa = PBXFileReference; fileEncoding = 4; lastKnownFileType = sourcecode.c.h; path = BSTree.h; sourceTree = "<group>"; };
		0DC90B1B28EF4F8400AA8754 /* BBSTree.h */ = {isa = PBXFileReference; fileEncoding = 4; lastKnownFileType = sourcecode.c.h; path = BBSTree.h; sourceTree = "<group>"; };
		0DC90B1C28EF4F8400AA8754 /* BSTree.m */ = {isa = PBXFileReference; fileEncoding = 4; lastKnownFileType = sourcecode.c.objc; path = BSTree.m; sourceTree = "<group>"; };
		0DC90B1E28EF4F8400AA8754 /* 恢复平衡03-RR-左旋转.PNG */ = {isa = PBXFileReference; lastKnownFileType = image.png; path = "恢复平衡03-RR-左旋转.PNG"; sourceTree = "<group>"; };
		0DC90B1F28EF4F8400AA8754 /* 二叉搜索树添加01.PNG */ = {isa = PBXFileReference; lastKnownFileType = image.png; path = "二叉搜索树添加01.PNG"; sourceTree = "<group>"; };
		0DC90B2028EF4F8400AA8754 /* 恢复平衡04-RL-先右后左.PNG */ = {isa = PBXFileReference; lastKnownFileType = image.png; path = "恢复平衡04-RL-先右后左.PNG"; sourceTree = "<group>"; };
		0DC90B2128EF4F8400AA8754 /* 恢复平衡02-LR-先左后右.PNG */ = {isa = PBXFileReference; lastKnownFileType = image.png; path = "恢复平衡02-LR-先左后右.PNG"; sourceTree = "<group>"; };
		0DC90B2228EF4F8400AA8754 /* 二叉搜索树删除02.PNG */ = {isa = PBXFileReference; lastKnownFileType = image.png; path = "二叉搜索树删除02.PNG"; sourceTree = "<group>"; };
		0DC90B2328EF4F8400AA8754 /* 二叉搜索树删除03.PNG */ = {isa = PBXFileReference; lastKnownFileType = image.png; path = "二叉搜索树删除03.PNG"; sourceTree = "<group>"; };
		0DC90B2428EF4F8400AA8754 /* 二叉搜索树删除01.PNG */ = {isa = PBXFileReference; lastKnownFileType = image.png; path = "二叉搜索树删除01.PNG"; sourceTree = "<group>"; };
		0DC90B2528EF4F8400AA8754 /* 恢复平衡05-统一旋转.PNG */ = {isa = PBXFileReference; lastKnownFileType = image.png; path = "恢复平衡05-统一旋转.PNG"; sourceTree = "<group>"; };
		0DC90B2628EF4F8400AA8754 /* 恢复平衡01-LL-右旋转.PNG */ = {isa = PBXFileReference; lastKnownFileType = image.png; path = "恢复平衡01-LL-右旋转.PNG"; sourceTree = "<group>"; };
		0DC90B2928EF4F8400AA8754 /* DoubleLinkList.h */ = {isa = PBXFileReference; fileEncoding = 4; lastKnownFileType = sourcecode.c.h; path = DoubleLinkList.h; sourceTree = "<group>"; };
		0DC90B2A28EF4F8400AA8754 /* SingleCircleLinkedList.m */ = {isa = PBXFileReference; fileEncoding = 4; lastKnownFileType = sourcecode.c.objc; path = SingleCircleLinkedList.m; sourceTree = "<group>"; };
		0DC90B2B28EF4F8400AA8754 /* DoubleCircleLinkedList.h */ = {isa = PBXFileReference; fileEncoding = 4; lastKnownFileType = sourcecode.c.h; path = DoubleCircleLinkedList.h; sourceTree = "<group>"; };
		0DC90B2C28EF4F8400AA8754 /* LinkedList.h */ = {isa = PBXFileReference; fileEncoding = 4; lastKnownFileType = sourcecode.c.h; path = LinkedList.h; sourceTree = "<group>"; };
		0DC90B2D28EF4F8400AA8754 /* DoubleLinkList.m */ = {isa = PBXFileReference; fileEncoding = 4; lastKnownFileType = sourcecode.c.objc; path = DoubleLinkList.m; sourceTree = "<group>"; };
		0DC90B2E28EF4F8400AA8754 /* SingleCircleLinkedList.h */ = {isa = PBXFileReference; fileEncoding = 4; lastKnownFileType = sourcecode.c.h; path = SingleCircleLinkedList.h; sourceTree = "<group>"; };
		0DC90B2F28EF4F8400AA8754 /* DoubleCircleLinkedList.m */ = {isa = PBXFileReference; fileEncoding = 4; lastKnownFileType = sourcecode.c.objc; path = DoubleCircleLinkedList.m; sourceTree = "<group>"; };
		0DC90B3128EF4F8400AA8754 /* LinkedList.m */ = {isa = PBXFileReference; fileEncoding = 4; lastKnownFileType = sourcecode.c.objc; path = LinkedList.m; sourceTree = "<group>"; };
		0DC90B3328EF4F8400AA8754 /* CircleDeque.h */ = {isa = PBXFileReference; fileEncoding = 4; lastKnownFileType = sourcecode.c.h; path = CircleDeque.h; sourceTree = "<group>"; };
		0DC90B3428EF4F8400AA8754 /* Deque.m */ = {isa = PBXFileReference; fileEncoding = 4; lastKnownFileType = sourcecode.c.objc; path = Deque.m; sourceTree = "<group>"; };
		0DC90B3528EF4F8400AA8754 /* StackQueue.m */ = {isa = PBXFileReference; fileEncoding = 4; lastKnownFileType = sourcecode.c.objc; path = StackQueue.m; sourceTree = "<group>"; };
		0DC90B3628EF4F8400AA8754 /* CircleQueue.h */ = {isa = PBXFileReference; fileEncoding = 4; lastKnownFileType = sourcecode.c.h; path = CircleQueue.h; sourceTree = "<group>"; };
		0DC90B3728EF4F8400AA8754 /* Queue.m */ = {isa = PBXFileReference; fileEncoding = 4; lastKnownFileType = sourcecode.c.objc; path = Queue.m; sourceTree = "<group>"; };
		0DC90B3828EF4F8400AA8754 /* CircleDeque.m */ = {isa = PBXFileReference; fileEncoding = 4; lastKnownFileType = sourcecode.c.objc; path = CircleDeque.m; sourceTree = "<group>"; };
		0DC90B3928EF4F8400AA8754 /* StackQueue.h */ = {isa = PBXFileReference; fileEncoding = 4; lastKnownFileType = sourcecode.c.h; path = StackQueue.h; sourceTree = "<group>"; };
		0DC90B3A28EF4F8400AA8754 /* Deque.h */ = {isa = PBXFileReference; fileEncoding = 4; lastKnownFileType = sourcecode.c.h; path = Deque.h; sourceTree = "<group>"; };
		0DC90B3B28EF4F8400AA8754 /* CircleQueue.m */ = {isa = PBXFileReference; fileEncoding = 4; lastKnownFileType = sourcecode.c.objc; path = CircleQueue.m; sourceTree = "<group>"; };
		0DC90B3C28EF4F8400AA8754 /* Queue.h */ = {isa = PBXFileReference; fileEncoding = 4; lastKnownFileType = sourcecode.c.h; path = Queue.h; sourceTree = "<group>"; };
		0DC90B3F28EF4F8400AA8754 /* List.m */ = {isa = PBXFileReference; fileEncoding = 4; lastKnownFileType = sourcecode.c.objc; path = List.m; sourceTree = "<group>"; };
		0DC90B4028EF4F8400AA8754 /* LinkNode.h */ = {isa = PBXFileReference; fileEncoding = 4; lastKnownFileType = sourcecode.c.h; path = LinkNode.h; sourceTree = "<group>"; };
		0DC90B4128EF4F8400AA8754 /* AbstractList.m */ = {isa = PBXFileReference; fileEncoding = 4; lastKnownFileType = sourcecode.c.objc; path = AbstractList.m; sourceTree = "<group>"; };
		0DC90B4228EF4F8400AA8754 /* List.h */ = {isa = PBXFileReference; fileEncoding = 4; lastKnownFileType = sourcecode.c.h; path = List.h; sourceTree = "<group>"; };
		0DC90B4328EF4F8400AA8754 /* LinkNode.m */ = {isa = PBXFileReference; fileEncoding = 4; lastKnownFileType = sourcecode.c.objc; path = LinkNode.m; sourceTree = "<group>"; };
		0DC90B4428EF4F8400AA8754 /* AbstractList.h */ = {isa = PBXFileReference; fileEncoding = 4; lastKnownFileType = sourcecode.c.h; path = AbstractList.h; sourceTree = "<group>"; };
		0DC90B4628EF4F8400AA8754 /* Stack.m */ = {isa = PBXFileReference; fileEncoding = 4; lastKnownFileType = sourcecode.c.objc; path = Stack.m; sourceTree = "<group>"; };
		0DC90B4728EF4F8400AA8754 /* Stack.h */ = {isa = PBXFileReference; fileEncoding = 4; lastKnownFileType = sourcecode.c.h; path = Stack.h; sourceTree = "<group>"; };
		0DC90B4A28EF4F8400AA8754 /* ArrayList.m */ = {isa = PBXFileReference; fileEncoding = 4; lastKnownFileType = sourcecode.c.objc; path = ArrayList.m; sourceTree = "<group>"; };
		0DC90B4B28EF4F8400AA8754 /* ArrayList.h */ = {isa = PBXFileReference; fileEncoding = 4; lastKnownFileType = sourcecode.c.h; path = ArrayList.h; sourceTree = "<group>"; };
		0DC90B6928EF661600AA8754 /* main.m */ = {isa = PBXFileReference; fileEncoding = 4; lastKnownFileType = sourcecode.c.objc; path = main.m; sourceTree = "<group>"; };
		0DC90B7228EF667C00AA8754 /* TreeSet.m */ = {isa = PBXFileReference; fileEncoding = 4; lastKnownFileType = sourcecode.c.objc; path = TreeSet.m; sourceTree = "<group>"; };
		0DC90B7328EF667C00AA8754 /* ListSet.h */ = {isa = PBXFileReference; fileEncoding = 4; lastKnownFileType = sourcecode.c.h; path = ListSet.h; sourceTree = "<group>"; };
		0DC90B7428EF667C00AA8754 /* Set.h */ = {isa = PBXFileReference; fileEncoding = 4; lastKnownFileType = sourcecode.c.h; path = Set.h; sourceTree = "<group>"; };
		0DC90B7528EF667C00AA8754 /* TreeSet.h */ = {isa = PBXFileReference; fileEncoding = 4; lastKnownFileType = sourcecode.c.h; path = TreeSet.h; sourceTree = "<group>"; };
		0DC90B7628EF667C00AA8754 /* ListSet.m */ = {isa = PBXFileReference; fileEncoding = 4; lastKnownFileType = sourcecode.c.objc; path = ListSet.m; sourceTree = "<group>"; };
		0DC90B7728EF667C00AA8754 /* Set.m */ = {isa = PBXFileReference; fileEncoding = 4; lastKnownFileType = sourcecode.c.objc; path = Set.m; sourceTree = "<group>"; };
		0DC90B7F28EF6C6D00AA8754 /* Map.h */ = {isa = PBXFileReference; fileEncoding = 4; lastKnownFileType = sourcecode.c.h; path = Map.h; sourceTree = "<group>"; };
		0DC90B8028EF6C6D00AA8754 /* TreeMap.h */ = {isa = PBXFileReference; fileEncoding = 4; lastKnownFileType = sourcecode.c.h; path = TreeMap.h; sourceTree = "<group>"; };
		0DC90B8128EF6C6D00AA8754 /* MapNode.h */ = {isa = PBXFileReference; fileEncoding = 4; lastKnownFileType = sourcecode.c.h; path = MapNode.h; sourceTree = "<group>"; };
		0DC90B8228EF6C6D00AA8754 /* HashMap.h */ = {isa = PBXFileReference; fileEncoding = 4; lastKnownFileType = sourcecode.c.h; path = HashMap.h; sourceTree = "<group>"; };
		0DC90B8328EF6C6D00AA8754 /* Map.m */ = {isa = PBXFileReference; fileEncoding = 4; lastKnownFileType = sourcecode.c.objc; path = Map.m; sourceTree = "<group>"; };
		0DC90B8428EF6C6D00AA8754 /* TreeMap.m */ = {isa = PBXFileReference; fileEncoding = 4; lastKnownFileType = sourcecode.c.objc; path = TreeMap.m; sourceTree = "<group>"; };
		0DC90B8528EF6C6D00AA8754 /* HashMap.m */ = {isa = PBXFileReference; fileEncoding = 4; lastKnownFileType = sourcecode.c.objc; path = HashMap.m; sourceTree = "<group>"; };
		0DC90B8628EF6C6D00AA8754 /* MapNode.m */ = {isa = PBXFileReference; fileEncoding = 4; lastKnownFileType = sourcecode.c.objc; path = MapNode.m; sourceTree = "<group>"; };
		0DC90C4828F0252500AA8754 /* AbstractHeap.m */ = {isa = PBXFileReference; fileEncoding = 4; lastKnownFileType = sourcecode.c.objc; path = AbstractHeap.m; sourceTree = "<group>"; };
		0DC90C4928F0252500AA8754 /* BinaryHeap.m */ = {isa = PBXFileReference; fileEncoding = 4; lastKnownFileType = sourcecode.c.objc; path = BinaryHeap.m; sourceTree = "<group>"; };
		0DC90C4A28F0252600AA8754 /* BinaryHeap.h */ = {isa = PBXFileReference; fileEncoding = 4; lastKnownFileType = sourcecode.c.h; path = BinaryHeap.h; sourceTree = "<group>"; };
		0DC90C4B28F0252600AA8754 /* AbstractHeap.h */ = {isa = PBXFileReference; fileEncoding = 4; lastKnownFileType = sourcecode.c.h; path = AbstractHeap.h; sourceTree = "<group>"; };
		0DC90C4C28F0252600AA8754 /* Heap.h */ = {isa = PBXFileReference; fileEncoding = 4; lastKnownFileType = sourcecode.c.h; path = Heap.h; sourceTree = "<group>"; };
		0DC90C4D28F0252600AA8754 /* Heap.m */ = {isa = PBXFileReference; fileEncoding = 4; lastKnownFileType = sourcecode.c.objc; path = Heap.m; sourceTree = "<group>"; };
		0DC90C5128F0257800AA8754 /* PriorityQueue.m */ = {isa = PBXFileReference; fileEncoding = 4; lastKnownFileType = sourcecode.c.objc; path = PriorityQueue.m; sourceTree = "<group>"; };
		0DC90C5228F0257800AA8754 /* PriorityQueue.h */ = {isa = PBXFileReference; fileEncoding = 4; lastKnownFileType = sourcecode.c.h; path = PriorityQueue.h; sourceTree = "<group>"; };
		0DC90C5528F025F100AA8754 /* TrieNode.m */ = {isa = PBXFileReference; fileEncoding = 4; lastKnownFileType = sourcecode.c.objc; path = TrieNode.m; sourceTree = "<group>"; };
		0DC90C5628F025F100AA8754 /* Trie.m */ = {isa = PBXFileReference; fileEncoding = 4; lastKnownFileType = sourcecode.c.objc; path = Trie.m; sourceTree = "<group>"; };
		0DC90C5728F025F100AA8754 /* TrieNode.h */ = {isa = PBXFileReference; fileEncoding = 4; lastKnownFileType = sourcecode.c.h; path = TrieNode.h; sourceTree = "<group>"; };
		0DC90C5828F025F100AA8754 /* Trie.h */ = {isa = PBXFileReference; fileEncoding = 4; lastKnownFileType = sourcecode.c.h; path = Trie.h; sourceTree = "<group>"; };
		0DC90C5C28F02ACF00AA8754 /* HashNode.h */ = {isa = PBXFileReference; lastKnownFileType = sourcecode.c.h; path = HashNode.h; sourceTree = "<group>"; };
		0DC90C5D28F02ACF00AA8754 /* HashNode.m */ = {isa = PBXFileReference; lastKnownFileType = sourcecode.c.objc; path = HashNode.m; sourceTree = "<group>"; };
		0DC90C5F28F02B7200AA8754 /* HashSet.h */ = {isa = PBXFileReference; lastKnownFileType = sourcecode.c.h; path = HashSet.h; sourceTree = "<group>"; };
		0DC90C6028F02B7200AA8754 /* HashSet.m */ = {isa = PBXFileReference; lastKnownFileType = sourcecode.c.objc; path = HashSet.m; sourceTree = "<group>"; };
		0DC90C6628F1207F00AA8754 /* ArrayListUpgrade.h */ = {isa = PBXFileReference; lastKnownFileType = sourcecode.c.h; path = ArrayListUpgrade.h; sourceTree = "<group>"; };
		0DC90C6728F1207F00AA8754 /* ArrayListUpgrade.m */ = {isa = PBXFileReference; lastKnownFileType = sourcecode.c.objc; path = ArrayListUpgrade.m; sourceTree = "<group>"; };
		0DC90C6928F2106300AA8754 /* SingleCircleLinkedList02.PNG */ = {isa = PBXFileReference; lastKnownFileType = image.png; path = SingleCircleLinkedList02.PNG; sourceTree = "<group>"; };
		0DC90C6A28F2106300AA8754 /* LinkedList02.PNG */ = {isa = PBXFileReference; lastKnownFileType = image.png; path = LinkedList02.PNG; sourceTree = "<group>"; };
		0DC90C6B28F2106400AA8754 /* DoubleLinkList04.PNG */ = {isa = PBXFileReference; lastKnownFileType = image.png; path = DoubleLinkList04.PNG; sourceTree = "<group>"; };
		0DC90C6C28F2106400AA8754 /* DoubleLinkList01.PNG */ = {isa = PBXFileReference; lastKnownFileType = image.png; path = DoubleLinkList01.PNG; sourceTree = "<group>"; };
		0DC90C6D28F2106400AA8754 /* SingleCircleLinkedList03.PNG */ = {isa = PBXFileReference; lastKnownFileType = image.png; path = SingleCircleLinkedList03.PNG; sourceTree = "<group>"; };
		0DC90C6E28F2106400AA8754 /* LinkedList01.PNG */ = {isa = PBXFileReference; lastKnownFileType = image.png; path = LinkedList01.PNG; sourceTree = "<group>"; };
		0DC90C6F28F2106400AA8754 /* DoubleLinkList03.PNG */ = {isa = PBXFileReference; lastKnownFileType = image.png; path = DoubleLinkList03.PNG; sourceTree = "<group>"; };
		0DC90C7028F2106400AA8754 /* DoubleCircleLinkedList04.PNG */ = {isa = PBXFileReference; lastKnownFileType = image.png; path = DoubleCircleLinkedList04.PNG; sourceTree = "<group>"; };
		0DC90C7128F2106400AA8754 /* LinkedList03.PNG */ = {isa = PBXFileReference; lastKnownFileType = image.png; path = LinkedList03.PNG; sourceTree = "<group>"; };
		0DC90C7228F2106400AA8754 /* SingleCircleLinkedList01.PNG */ = {isa = PBXFileReference; lastKnownFileType = image.png; path = SingleCircleLinkedList01.PNG; sourceTree = "<group>"; };
		0DC90C7328F2106500AA8754 /* DoubleLinkList02.PNG */ = {isa = PBXFileReference; lastKnownFileType = image.png; path = DoubleLinkList02.PNG; sourceTree = "<group>"; };
		0DC90C7428F2106500AA8754 /* 循环链表扩展.PNG */ = {isa = PBXFileReference; lastKnownFileType = image.png; path = "循环链表扩展.PNG"; sourceTree = "<group>"; };
		0DC90C7528F2106500AA8754 /* DoubleCircleLinkedList02.PNG */ = {isa = PBXFileReference; lastKnownFileType = image.png; path = DoubleCircleLinkedList02.PNG; sourceTree = "<group>"; };
		0DC90C7628F2106500AA8754 /* DoubleCircleLinkedList01.PNG */ = {isa = PBXFileReference; lastKnownFileType = image.png; path = DoubleCircleLinkedList01.PNG; sourceTree = "<group>"; };
		0DC90C7728F2106500AA8754 /* DoubleCircleLinkedList03.PNG */ = {isa = PBXFileReference; lastKnownFileType = image.png; path = DoubleCircleLinkedList03.PNG; sourceTree = "<group>"; };
		0DC90C7828F2106500AA8754 /* SingleCircleLinkedList04.PNG */ = {isa = PBXFileReference; lastKnownFileType = image.png; path = SingleCircleLinkedList04.PNG; sourceTree = "<group>"; };
		0DE82A8028F357A800711210 /* LinkHashMap.h */ = {isa = PBXFileReference; lastKnownFileType = sourcecode.c.h; path = LinkHashMap.h; sourceTree = "<group>"; };
		0DE82A8128F357A800711210 /* LinkHashMap.m */ = {isa = PBXFileReference; lastKnownFileType = sourcecode.c.objc; path = LinkHashMap.m; sourceTree = "<group>"; };
		0DE82A8328F3E02000711210 /* LinkHashNode.h */ = {isa = PBXFileReference; lastKnownFileType = sourcecode.c.h; path = LinkHashNode.h; sourceTree = "<group>"; };
		0DE82A8428F3E02000711210 /* LinkHashNode.m */ = {isa = PBXFileReference; lastKnownFileType = sourcecode.c.objc; path = LinkHashNode.m; sourceTree = "<group>"; };
		0DE82A8C28F4099900711210 /* 堆02.PNG */ = {isa = PBXFileReference; lastKnownFileType = image.png; path = "堆02.PNG"; sourceTree = "<group>"; };
		0DE82A8D28F4099900711210 /* 二叉堆00.PNG */ = {isa = PBXFileReference; lastKnownFileType = image.png; path = "二叉堆00.PNG"; sourceTree = "<group>"; };
		0DE82A8E28F4099900711210 /* 堆01.PNG */ = {isa = PBXFileReference; lastKnownFileType = image.png; path = "堆01.PNG"; sourceTree = "<group>"; };
		0DE82A8F28F409E300711210 /* 二叉搜索树.PNG */ = {isa = PBXFileReference; lastKnownFileType = image.png; path = "二叉搜索树.PNG"; sourceTree = "<group>"; };
		0DE82A9E28F41CE100711210 /* 二叉堆12.PNG */ = {isa = PBXFileReference; lastKnownFileType = image.png; path = "二叉堆12.PNG"; sourceTree = "<group>"; };
		0DE82A9F28F41CE100711210 /* 二叉堆08.PNG */ = {isa = PBXFileReference; lastKnownFileType = image.png; path = "二叉堆08.PNG"; sourceTree = "<group>"; };
		0DE82AA028F41CE100711210 /* 二叉堆01.PNG */ = {isa = PBXFileReference; lastKnownFileType = image.png; path = "二叉堆01.PNG"; sourceTree = "<group>"; };
		0DE82AA128F41CE100711210 /* 二叉堆04.PNG */ = {isa = PBXFileReference; lastKnownFileType = image.png; path = "二叉堆04.PNG"; sourceTree = "<group>"; };
		0DE82AA228F41CE100711210 /* 二叉堆05.PNG */ = {isa = PBXFileReference; lastKnownFileType = image.png; path = "二叉堆05.PNG"; sourceTree = "<group>"; };
		0DE82AA328F41CE200711210 /* 二叉堆07.PNG */ = {isa = PBXFileReference; lastKnownFileType = image.png; path = "二叉堆07.PNG"; sourceTree = "<group>"; };
		0DE82AA428F41CE200711210 /* 二叉堆14.PNG */ = {isa = PBXFileReference; lastKnownFileType = image.png; path = "二叉堆14.PNG"; sourceTree = "<group>"; };
		0DE82AA528F41CE200711210 /* 二叉堆03.PNG */ = {isa = PBXFileReference; lastKnownFileType = image.png; path = "二叉堆03.PNG"; sourceTree = "<group>"; };
		0DE82AA628F41CE200711210 /* 二叉堆06.PNG */ = {isa = PBXFileReference; lastKnownFileType = image.png; path = "二叉堆06.PNG"; sourceTree = "<group>"; };
		0DE82AA728F41CE200711210 /* 二叉堆09.PNG */ = {isa = PBXFileReference; lastKnownFileType = image.png; path = "二叉堆09.PNG"; sourceTree = "<group>"; };
		0DE82AA828F41CE200711210 /* 二叉堆10.PNG */ = {isa = PBXFileReference; lastKnownFileType = image.png; path = "二叉堆10.PNG"; sourceTree = "<group>"; };
		0DE82AA928F41CE300711210 /* 二叉堆13.PNG */ = {isa = PBXFileReference; lastKnownFileType = image.png; path = "二叉堆13.PNG"; sourceTree = "<group>"; };
		0DE82AAA28F41CE300711210 /* 二叉堆11.PNG */ = {isa = PBXFileReference; lastKnownFileType = image.png; path = "二叉堆11.PNG"; sourceTree = "<group>"; };
		0DE82AAB28F41CE300711210 /* 二叉堆02.PNG */ = {isa = PBXFileReference; lastKnownFileType = image.png; path = "二叉堆02.PNG"; sourceTree = "<group>"; };
/* End PBXFileReference section */

/* Begin PBXFrameworksBuildPhase section */
		0DC90AC428EF4F4100AA8754 /* Frameworks */ = {
			isa = PBXFrameworksBuildPhase;
			buildActionMask = 2147483647;
			files = (
			);
			runOnlyForDeploymentPostprocessing = 0;
		};
/* End PBXFrameworksBuildPhase section */

/* Begin PBXGroup section */
		0D1BDBC028FC5A4D004F1D93 /* 09-排序 */ = {
			isa = PBXGroup;
			children = (
				0D1BDBD928FD6A58004F1D93 /* 图片 */,
				0D1BDBC128FC5B0C004F1D93 /* Sort.h */,
				0D1BDBC228FC5B0C004F1D93 /* Sort.m */,
				0D1BDBC528FC61A8004F1D93 /* BubbleSort.h */,
				0D1BDBC628FC61A8004F1D93 /* BubbleSort.m */,
				0D1BDBC828FC61B7004F1D93 /* SelectionSort.h */,
				0D1BDBC928FC61B7004F1D93 /* SelectionSort.m */,
				0D1BDBCB28FC61C4004F1D93 /* HeapSort.h */,
				0D1BDBCC28FC61C4004F1D93 /* HeapSort.m */,
				0D1BDBCE28FD3812004F1D93 /* InsertionSort.h */,
				0D1BDBCF28FD3812004F1D93 /* InsertionSort.m */,
				0D1BDBD328FD4677004F1D93 /* BinarySearch.h */,
				0D1BDBD428FD4677004F1D93 /* BinarySearch.m */,
				0D1BDBD628FD60F7004F1D93 /* MergeSort.h */,
				0D1BDBD728FD60F7004F1D93 /* MergeSort.m */,
				0D1BDBFF28FD93D6004F1D93 /* QuickSort.h */,
				0D1BDC0028FD93D6004F1D93 /* QuickSort.m */,
				0D1BDC0228FD98FB004F1D93 /* ShellSort.h */,
				0D1BDC0328FD98FB004F1D93 /* ShellSort.m */,
				0D1BDC0528FD992E004F1D93 /* CountingSort.h */,
				0D1BDC0628FD992E004F1D93 /* CountingSort.m */,
				0D1BDC0828FD9964004F1D93 /* RadixSort.h */,
				0D1BDC0928FD9964004F1D93 /* RadixSort.m */,
				0D1BDC0B28FD9994004F1D93 /* BucketSort.h */,
				0D1BDC0C28FD9994004F1D93 /* BucketSort.m */,
			);
			path = "09-排序";
			sourceTree = "<group>";
		};
		0D1BDBD928FD6A58004F1D93 /* 图片 */ = {
			isa = PBXGroup;
			children = (
				0D1BDC3328FF1141004F1D93 /* 排序算法00.PNG */,
				0D1BDBE228FD6A86004F1D93 /* 冒泡排序.gif */,
				0D1BDBDF28FD6A86004F1D93 /* bubbleSort.gif */,
				0D1BDBE928FD6A87004F1D93 /* 选择排序.gif */,
				0D1BDBE028FD6A86004F1D93 /* selectionSort.gif */,
				0D1BDBE428FD6A86004F1D93 /* 插入排序.gif */,
				0D1BDBE328FD6A86004F1D93 /* insertionSort.gif */,
				0D1BDBDC28FD6A85004F1D93 /* 堆排序.gif */,
				0D1BDBEA28FD6A87004F1D93 /* heapSort.gif */,
				0D1BDBDD28FD6A85004F1D93 /* 归并排序.gif */,
				0D1BDBEB28FD6A87004F1D93 /* mergeSort.gif */,
				0D1BDBDA28FD6A85004F1D93 /* 基数排序.gif */,
				0D1BDBDE28FD6A85004F1D93 /* 计数排序.gif */,
				0D1BDBE728FD6A87004F1D93 /* countingSort.gif */,
				0D1BDBE828FD6A87004F1D93 /* 快速排序.gif */,
				0D1BDBDB28FD6A85004F1D93 /* quickSort.gif */,
				0D1BDBE628FD6A86004F1D93 /* 桶排序.gif */,
				0D1BDBE528FD6A86004F1D93 /* 希尔排序.gif */,
				0D1BDBE128FD6A86004F1D93 /* radixSort.gif */,
			);
			path = "图片";
			sourceTree = "<group>";
		};
		0D1BDC0E28FEEA05004F1D93 /* 10-并查集 */ = {
			isa = PBXGroup;
			children = (
				0D1BDC0F28FEEA31004F1D93 /* UnionFind.h */,
				0D1BDC1028FEEA31004F1D93 /* UnionFind.m */,
				0D1BDC1228FEEA4B004F1D93 /* UnionFind_QF.h */,
				0D1BDC1328FEEA4B004F1D93 /* UnionFind_QF.m */,
				0D1BDC1528FEEA5A004F1D93 /* UnionFind_QU.h */,
				0D1BDC1628FEEA5A004F1D93 /* UnionFind_QU.m */,
				0D1BDC1828FEEA90004F1D93 /* UnionFind_QU_Size.h */,
				0D1BDC1928FEEA90004F1D93 /* UnionFind_QU_Size.m */,
				0D1BDC1B28FEEB70004F1D93 /* UnionFind_QU_Rank.h */,
				0D1BDC1C28FEEB70004F1D93 /* UnionFind_QU_Rank.m */,
				0D1BDC1E28FEEB91004F1D93 /* UnionFind_QU_Rank_PC.h */,
				0D1BDC1F28FEEB91004F1D93 /* UnionFind_QU_Rank_PC.m */,
				0D1BDC2128FEEBA0004F1D93 /* UnionFind_QU_Rank_PS.h */,
				0D1BDC2228FEEBA0004F1D93 /* UnionFind_QU_Rank_PS.m */,
				0D1BDC2428FEEBB0004F1D93 /* UnionFind_QU_Rank_PH.h */,
				0D1BDC2528FEEBB0004F1D93 /* UnionFind_QU_Rank_PH.m */,
				0D1BDC2728FEEBE2004F1D93 /* UnionFindNode.h */,
				0D1BDC2828FEEBE2004F1D93 /* UnionFindNode.m */,
				0D1BDC2A28FEEBF7004F1D93 /* GenericUnionFind.h */,
				0D1BDC2B28FEEBF7004F1D93 /* GenericUnionFind.m */,
			);
			path = "10-并查集";
			sourceTree = "<group>";
		};
		0D1BDC2D28FF0FAA004F1D93 /* 11-图 */ = {
			isa = PBXGroup;
			children = (
				0D1BDC3828FFD248004F1D93 /* Vertex.h */,
				0D1BDC3928FFD248004F1D93 /* Vertex.m */,
				0D1BDC3528FFD237004F1D93 /* Edge.h */,
				0D1BDC3628FFD237004F1D93 /* Edge.m */,
				0D1BDC4428FFE47A004F1D93 /* Path.h */,
				0D1BDC4528FFE47A004F1D93 /* Path.m */,
				0D1BDC3B28FFD258004F1D93 /* Graph.h */,
				0D1BDC3C28FFD258004F1D93 /* Graph.m */,
				0D1BDC3E28FFE41B004F1D93 /* ListGraph.h */,
				0D1BDC3F28FFE41B004F1D93 /* ListGraph.m */,
				0D82B82D29019F0100759054 /* GraphTest.h */,
				0D82B82E29019F0100759054 /* GraphTest.m */,
			);
			path = "11-图";
			sourceTree = "<group>";
		};
		0D1BDC2E28FF0FC7004F1D93 /* 12-递归 */ = {
			isa = PBXGroup;
			children = (
			);
			path = "12-递归";
			sourceTree = "<group>";
		};
		0D1BDC2F28FF0FE0004F1D93 /* 13-回溯 */ = {
			isa = PBXGroup;
			children = (
			);
			path = "13-回溯";
			sourceTree = "<group>";
		};
		0D1BDC3028FF100C004F1D93 /* 14-贪心 */ = {
			isa = PBXGroup;
			children = (
			);
			path = "14-贪心";
			sourceTree = "<group>";
		};
		0D1BDC3128FF102F004F1D93 /* 15-分治 */ = {
			isa = PBXGroup;
			children = (
			);
			path = "15-分治";
			sourceTree = "<group>";
		};
		0D1BDC3228FF1055004F1D93 /* 16-动态规划 */ = {
			isa = PBXGroup;
			children = (
			);
			path = "16-动态规划";
			sourceTree = "<group>";
		};
		0D66C5A828F8256200D280E2 /* 07-优先级队列 */ = {
			isa = PBXGroup;
			children = (
				0D66C5A928F8259800D280E2 /* 图片 */,
				0DC90C5228F0257800AA8754 /* PriorityQueue.h */,
				0DC90C5128F0257800AA8754 /* PriorityQueue.m */,
			);
			path = "07-优先级队列";
			sourceTree = "<group>";
		};
		0D66C5A928F8259800D280E2 /* 图片 */ = {
			isa = PBXGroup;
			children = (
			);
			path = "图片";
			sourceTree = "<group>";
		};
		0DC90ABE28EF4F4100AA8754 = {
			isa = PBXGroup;
			children = (
				0DC90AC928EF4F4100AA8754 /* Love_DataStructure_Algorithm_OC */,
				0DC90AC828EF4F4100AA8754 /* Products */,
			);
			sourceTree = "<group>";
		};
		0DC90AC828EF4F4100AA8754 /* Products */ = {
			isa = PBXGroup;
			children = (
				0DC90AC728EF4F4100AA8754 /* Love_DataStructure_Algorithm_OC */,
			);
			name = Products;
			sourceTree = "<group>";
		};
		0DC90AC928EF4F4100AA8754 /* Love_DataStructure_Algorithm_OC */ = {
			isa = PBXGroup;
			children = (
				0DC90B6928EF661600AA8754 /* main.m */,
				0D1BDBC428FC5F3B004F1D93 /* PrefixHeader.pch */,
				0DC90AD228EF4F8300AA8754 /* 恋上数据结构与算法-第一季.pdf */,
				0D1BDBB728F9DA58004F1D93 /* 恋上数据结构与算法-第二季.pdf */,
				0DC90B2728EF4F8400AA8754 /* 01-线性表 */,
				0DC90AD328EF4F8300AA8754 /* 02-二叉树 */,
				0DC90B6B28EF667C00AA8754 /* 03-集合 */,
				0DC90B7E28EF6C6C00AA8754 /* 04-映射 */,
				0DC90C4528F023AE00AA8754 /* 05-哈希表 */,
				0DC90C4628F0242600AA8754 /* 06-堆 */,
				0D66C5A828F8256200D280E2 /* 07-优先级队列 */,
				0DC90C5428F025F100AA8754 /* 08-Trie */,
				0D1BDBC028FC5A4D004F1D93 /* 09-排序 */,
				0D1BDC0E28FEEA05004F1D93 /* 10-并查集 */,
				0D1BDC2D28FF0FAA004F1D93 /* 11-图 */,
				0D1BDC2E28FF0FC7004F1D93 /* 12-递归 */,
				0D1BDC2F28FF0FE0004F1D93 /* 13-回溯 */,
				0D1BDC3028FF100C004F1D93 /* 14-贪心 */,
				0D1BDC3128FF102F004F1D93 /* 15-分治 */,
				0D1BDC3228FF1055004F1D93 /* 16-动态规划 */,
			);
			path = Love_DataStructure_Algorithm_OC;
			sourceTree = "<group>";
		};
		0DC90AD328EF4F8300AA8754 /* 02-二叉树 */ = {
			isa = PBXGroup;
			children = (
				0DC90ADB28EF4F8400AA8754 /* Common */,
				0DC90B1828EF4F8400AA8754 /* 二叉搜索树 */,
				0DC90AD428EF4F8300AA8754 /* AVL树 */,
				0DC90B0128EF4F8400AA8754 /* 红黑树 */,
			);
			path = "02-二叉树";
			sourceTree = "<group>";
		};
		0DC90AD428EF4F8300AA8754 /* AVL树 */ = {
			isa = PBXGroup;
			children = (
				0DC90AD828EF4F8300AA8754 /* 图片 */,
				0DC90AD728EF4F8300AA8754 /* AVLNode.h */,
				0DC90AD628EF4F8300AA8754 /* AVLNode.m */,
				0DC90ADA28EF4F8300AA8754 /* AVLTree.h */,
				0DC90AD528EF4F8300AA8754 /* AVLTree.m */,
			);
			path = "AVL树";
			sourceTree = "<group>";
		};
		0DC90AD828EF4F8300AA8754 /* 图片 */ = {
			isa = PBXGroup;
			children = (
				0DC90AD928EF4F8300AA8754 /* ALV树.PNG */,
			);
			path = "图片";
			sourceTree = "<group>";
		};
		0DC90ADB28EF4F8400AA8754 /* Common */ = {
			isa = PBXGroup;
			children = (
				0DC90ADE28EF4F8400AA8754 /* MJPrinter */,
				0DC90AEC28EF4F8400AA8754 /* 图片 */,
				0DC90AEA28EF4F8400AA8754 /* TreeNode.h */,
				0DC90ADD28EF4F8400AA8754 /* TreeNode.m */,
				0DC90AEB28EF4F8400AA8754 /* BinaryTree.h */,
				0DC90ADC28EF4F8400AA8754 /* BinaryTree.m */,
			);
			path = Common;
			sourceTree = "<group>";
		};
		0DC90ADE28EF4F8400AA8754 /* MJPrinter */ = {
			isa = PBXGroup;
			children = (
				0DC90AE528EF4F8400AA8754 /* MJBinaryTreeInfo.h */,
				0DC90AE228EF4F8400AA8754 /* MJPrinter.h */,
				0DC90AE628EF4F8400AA8754 /* MJPrinter.m */,
				0DC90ADF28EF4F8400AA8754 /* MJLevelOrderPrinter.h */,
				0DC90AE428EF4F8400AA8754 /* MJLevelOrderPrinter.m */,
				0DC90AE728EF4F8400AA8754 /* MJInorderPrinter.h */,
				0DC90AE128EF4F8400AA8754 /* MJInorderPrinter.m */,
				0DC90AE028EF4F8400AA8754 /* MJBinaryTrees.h */,
				0DC90AE828EF4F8400AA8754 /* MJBinaryTrees.m */,
				0DC90AE328EF4F8400AA8754 /* NSString+Trees.h */,
				0DC90AE928EF4F8400AA8754 /* NSString+Trees.m */,
			);
			path = MJPrinter;
			sourceTree = "<group>";
		};
		0DC90AEC28EF4F8400AA8754 /* 图片 */ = {
			isa = PBXGroup;
			children = (
				0DC90AF228EF4F8400AA8754 /* 二叉树01.PNG */,
				0DC90AEE28EF4F8400AA8754 /* 二叉树02.PNG */,
				0DC90AEF28EF4F8400AA8754 /* 二叉树03.PNG */,
				0DC90AF628EF4F8400AA8754 /* 二叉树04.PNG */,
				0DC90AF728EF4F8400AA8754 /* 二叉树05.PNG */,
				0DC90AFB28EF4F8400AA8754 /* 二叉树06.PNG */,
				0DC90AFA28EF4F8400AA8754 /* 二叉树07.PNG */,
				0DC90AFD28EF4F8400AA8754 /* 二叉树08.PNG */,
				0DC90AFE28EF4F8400AA8754 /* 二叉树09.PNG */,
				0DC90AFC28EF4F8400AA8754 /* 二叉树遍历00.PNG */,
				0DC90AF928EF4F8400AA8754 /* 二叉树遍历01.PNG */,
				0DC90AF528EF4F8400AA8754 /* 二叉树遍历02.PNG */,
				0DC90AF828EF4F8400AA8754 /* 二叉树遍历03.PNG */,
				0DC90AED28EF4F8400AA8754 /* 二叉树遍历04.PNG */,
				0DC90AF028EF4F8400AA8754 /* 二叉树遍历05.PNG */,
				0DC90AF428EF4F8400AA8754 /* 二叉树遍历06.PNG */,
				0DC90AF128EF4F8400AA8754 /* 二叉树遍历07.PNG */,
				0DC90AFF28EF4F8400AA8754 /* 二叉树遍历08.PNG */,
				0DC90B0028EF4F8400AA8754 /* 二叉树前驱节点.PNG */,
				0DC90AF328EF4F8400AA8754 /* 二叉树后继节点.PNG */,
			);
			path = "图片";
			sourceTree = "<group>";
		};
		0DC90B0128EF4F8400AA8754 /* 红黑树 */ = {
			isa = PBXGroup;
			children = (
				0DC90B0628EF4F8400AA8754 /* 图片 */,
				0DC90B0528EF4F8400AA8754 /* RBNode.h */,
				0DC90B0228EF4F8400AA8754 /* RBNode.m */,
				0DC90B0428EF4F8400AA8754 /* RBTree.h */,
				0DC90B0328EF4F8400AA8754 /* RBTree.m */,
			);
			path = "红黑树";
			sourceTree = "<group>";
		};
		0DC90B0628EF4F8400AA8754 /* 图片 */ = {
			isa = PBXGroup;
			children = (
				0DC90B1728EF4F8400AA8754 /* 红黑树.PNG */,
				0DC90B1428EF4F8400AA8754 /* 红黑树添加01.PNG */,
				0DC90B1528EF4F8400AA8754 /* 红黑树添加02.PNG */,
				0DC90B1628EF4F8400AA8754 /* 红黑树添加03.PNG */,
				0DC90B1128EF4F8400AA8754 /* 红黑树添加04.PNG */,
				0DC90B1228EF4F8400AA8754 /* 红黑树添加05.PNG */,
				0DC90B1028EF4F8400AA8754 /* 红黑树添加06.PNG */,
				0DC90B0F28EF4F8400AA8754 /* 红黑树添加07.PNG */,
				0DC90B0B28EF4F8400AA8754 /* 红黑树添加08.PNG */,
				0DC90B0928EF4F8400AA8754 /* 红黑树删除01.PNG */,
				0DC90B0828EF4F8400AA8754 /* 红黑树删除02.PNG */,
				0DC90B0728EF4F8400AA8754 /* 红黑树删除03.PNG */,
				0DC90B0C28EF4F8400AA8754 /* 红黑树删除04.PNG */,
				0DC90B0A28EF4F8400AA8754 /* 红黑树删除05.PNG */,
				0DC90B0D28EF4F8400AA8754 /* 红黑树删除06.PNG */,
				0DC90B0E28EF4F8400AA8754 /* 红黑树删除07.PNG */,
				0DC90B1328EF4F8400AA8754 /* 红黑树删除08.PNG */,
			);
			path = "图片";
			sourceTree = "<group>";
		};
		0DC90B1828EF4F8400AA8754 /* 二叉搜索树 */ = {
			isa = PBXGroup;
			children = (
				0DC90B1D28EF4F8400AA8754 /* 图片 */,
				0DC90B1A28EF4F8400AA8754 /* BSTree.h */,
				0DC90B1C28EF4F8400AA8754 /* BSTree.m */,
				0DC90B1B28EF4F8400AA8754 /* BBSTree.h */,
				0DC90B1928EF4F8400AA8754 /* BBSTree.m */,
			);
			path = "二叉搜索树";
			sourceTree = "<group>";
		};
		0DC90B1D28EF4F8400AA8754 /* 图片 */ = {
			isa = PBXGroup;
			children = (
				0DE82A8F28F409E300711210 /* 二叉搜索树.PNG */,
				0DC90B1F28EF4F8400AA8754 /* 二叉搜索树添加01.PNG */,
				0DC90B2428EF4F8400AA8754 /* 二叉搜索树删除01.PNG */,
				0DC90B2228EF4F8400AA8754 /* 二叉搜索树删除02.PNG */,
				0DC90B2328EF4F8400AA8754 /* 二叉搜索树删除03.PNG */,
				0DC90B2628EF4F8400AA8754 /* 恢复平衡01-LL-右旋转.PNG */,
				0DC90B2128EF4F8400AA8754 /* 恢复平衡02-LR-先左后右.PNG */,
				0DC90B1E28EF4F8400AA8754 /* 恢复平衡03-RR-左旋转.PNG */,
				0DC90B2028EF4F8400AA8754 /* 恢复平衡04-RL-先右后左.PNG */,
				0DC90B2528EF4F8400AA8754 /* 恢复平衡05-统一旋转.PNG */,
			);
			path = "图片";
			sourceTree = "<group>";
		};
		0DC90B2728EF4F8400AA8754 /* 01-线性表 */ = {
			isa = PBXGroup;
			children = (
				0DC90B3E28EF4F8400AA8754 /* Common */,
				0DC90B4928EF4F8400AA8754 /* 动态数组 */,
				0DC90B2828EF4F8400AA8754 /* 链表 */,
				0DC90B4528EF4F8400AA8754 /* 栈 */,
				0DC90B3228EF4F8400AA8754 /* 队列 */,
			);
			path = "01-线性表";
			sourceTree = "<group>";
		};
		0DC90B2828EF4F8400AA8754 /* 链表 */ = {
			isa = PBXGroup;
			children = (
				0DC90B3028EF4F8400AA8754 /* 图片 */,
				0DC90B2C28EF4F8400AA8754 /* LinkedList.h */,
				0DC90B3128EF4F8400AA8754 /* LinkedList.m */,
				0DC90B2928EF4F8400AA8754 /* DoubleLinkList.h */,
				0DC90B2D28EF4F8400AA8754 /* DoubleLinkList.m */,
				0DC90B2E28EF4F8400AA8754 /* SingleCircleLinkedList.h */,
				0DC90B2A28EF4F8400AA8754 /* SingleCircleLinkedList.m */,
				0DC90B2B28EF4F8400AA8754 /* DoubleCircleLinkedList.h */,
				0DC90B2F28EF4F8400AA8754 /* DoubleCircleLinkedList.m */,
			);
			path = "链表";
			sourceTree = "<group>";
		};
		0DC90B3028EF4F8400AA8754 /* 图片 */ = {
			isa = PBXGroup;
			children = (
				0DC90C6E28F2106400AA8754 /* LinkedList01.PNG */,
				0DC90C6A28F2106300AA8754 /* LinkedList02.PNG */,
				0DC90C7128F2106400AA8754 /* LinkedList03.PNG */,
				0DC90C6C28F2106400AA8754 /* DoubleLinkList01.PNG */,
				0DC90C7328F2106500AA8754 /* DoubleLinkList02.PNG */,
				0DC90C6F28F2106400AA8754 /* DoubleLinkList03.PNG */,
				0DC90C6B28F2106400AA8754 /* DoubleLinkList04.PNG */,
				0DC90C7228F2106400AA8754 /* SingleCircleLinkedList01.PNG */,
				0DC90C6928F2106300AA8754 /* SingleCircleLinkedList02.PNG */,
				0DC90C6D28F2106400AA8754 /* SingleCircleLinkedList03.PNG */,
				0DC90C7828F2106500AA8754 /* SingleCircleLinkedList04.PNG */,
				0DC90C7628F2106500AA8754 /* DoubleCircleLinkedList01.PNG */,
				0DC90C7528F2106500AA8754 /* DoubleCircleLinkedList02.PNG */,
				0DC90C7728F2106500AA8754 /* DoubleCircleLinkedList03.PNG */,
				0DC90C7028F2106400AA8754 /* DoubleCircleLinkedList04.PNG */,
				0DC90C7428F2106500AA8754 /* 循环链表扩展.PNG */,
			);
			path = "图片";
			sourceTree = "<group>";
		};
		0DC90B3228EF4F8400AA8754 /* 队列 */ = {
			isa = PBXGroup;
			children = (
				0DC90B3D28EF4F8400AA8754 /* 图片 */,
				0DC90B3C28EF4F8400AA8754 /* Queue.h */,
				0DC90B3728EF4F8400AA8754 /* Queue.m */,
				0DC90B3A28EF4F8400AA8754 /* Deque.h */,
				0DC90B3428EF4F8400AA8754 /* Deque.m */,
				0DC90B3928EF4F8400AA8754 /* StackQueue.h */,
				0DC90B3528EF4F8400AA8754 /* StackQueue.m */,
				0DC90B3628EF4F8400AA8754 /* CircleQueue.h */,
				0DC90B3B28EF4F8400AA8754 /* CircleQueue.m */,
				0DC90B3328EF4F8400AA8754 /* CircleDeque.h */,
				0DC90B3828EF4F8400AA8754 /* CircleDeque.m */,
			);
			path = "队列";
			sourceTree = "<group>";
		};
		0DC90B3D28EF4F8400AA8754 /* 图片 */ = {
			isa = PBXGroup;
			children = (
			);
			path = "图片";
			sourceTree = "<group>";
		};
		0DC90B3E28EF4F8400AA8754 /* Common */ = {
			isa = PBXGroup;
			children = (
				0DC90B4028EF4F8400AA8754 /* LinkNode.h */,
				0DC90B4328EF4F8400AA8754 /* LinkNode.m */,
				0DC90B4228EF4F8400AA8754 /* List.h */,
				0DC90B3F28EF4F8400AA8754 /* List.m */,
				0DC90B4428EF4F8400AA8754 /* AbstractList.h */,
				0DC90B4128EF4F8400AA8754 /* AbstractList.m */,
			);
			path = Common;
			sourceTree = "<group>";
		};
		0DC90B4528EF4F8400AA8754 /* 栈 */ = {
			isa = PBXGroup;
			children = (
				0DC90B4828EF4F8400AA8754 /* 图片 */,
				0DC90B4728EF4F8400AA8754 /* Stack.h */,
				0DC90B4628EF4F8400AA8754 /* Stack.m */,
				0D66C5A528F8213000D280E2 /* QueueStack.h */,
				0D66C5A628F8213000D280E2 /* QueueStack.m */,
			);
			path = "栈";
			sourceTree = "<group>";
		};
		0DC90B4828EF4F8400AA8754 /* 图片 */ = {
			isa = PBXGroup;
			children = (
			);
			path = "图片";
			sourceTree = "<group>";
		};
		0DC90B4928EF4F8400AA8754 /* 动态数组 */ = {
			isa = PBXGroup;
			children = (
				0DC90B4C28EF4F8400AA8754 /* 图片 */,
				0DC90B4B28EF4F8400AA8754 /* ArrayList.h */,
				0DC90B4A28EF4F8400AA8754 /* ArrayList.m */,
				0DC90C6628F1207F00AA8754 /* ArrayListUpgrade.h */,
				0DC90C6728F1207F00AA8754 /* ArrayListUpgrade.m */,
			);
			path = "动态数组";
			sourceTree = "<group>";
		};
		0DC90B4C28EF4F8400AA8754 /* 图片 */ = {
			isa = PBXGroup;
			children = (
			);
			path = "图片";
			sourceTree = "<group>";
		};
		0DC90B6B28EF667C00AA8754 /* 03-集合 */ = {
			isa = PBXGroup;
			children = (
				0DE82A8928F4096F00711210 /* 图片 */,
				0DC90B7428EF667C00AA8754 /* Set.h */,
				0DC90B7728EF667C00AA8754 /* Set.m */,
				0DC90B7328EF667C00AA8754 /* ListSet.h */,
				0DC90B7628EF667C00AA8754 /* ListSet.m */,
				0DC90B7528EF667C00AA8754 /* TreeSet.h */,
				0DC90B7228EF667C00AA8754 /* TreeSet.m */,
				0DC90C5F28F02B7200AA8754 /* HashSet.h */,
				0DC90C6028F02B7200AA8754 /* HashSet.m */,
			);
			path = "03-集合";
			sourceTree = "<group>";
		};
		0DC90B7E28EF6C6C00AA8754 /* 04-映射 */ = {
			isa = PBXGroup;
			children = (
				0DE82A8828F4096200711210 /* 图片 */,
				0DC90B8128EF6C6D00AA8754 /* MapNode.h */,
				0DC90B8628EF6C6D00AA8754 /* MapNode.m */,
				0DC90B7F28EF6C6D00AA8754 /* Map.h */,
				0DC90B8328EF6C6D00AA8754 /* Map.m */,
				0DC90B8028EF6C6D00AA8754 /* TreeMap.h */,
				0DC90B8428EF6C6D00AA8754 /* TreeMap.m */,
			);
			path = "04-映射";
			sourceTree = "<group>";
		};
		0DC90C4528F023AE00AA8754 /* 05-哈希表 */ = {
			isa = PBXGroup;
			children = (
				0DE82A8728F4095C00711210 /* 图片 */,
				0DC90C5C28F02ACF00AA8754 /* HashNode.h */,
				0DC90C5D28F02ACF00AA8754 /* HashNode.m */,
				0DC90B8228EF6C6D00AA8754 /* HashMap.h */,
				0DC90B8528EF6C6D00AA8754 /* HashMap.m */,
				0DE82A8328F3E02000711210 /* LinkHashNode.h */,
				0DE82A8428F3E02000711210 /* LinkHashNode.m */,
				0DE82A8028F357A800711210 /* LinkHashMap.h */,
				0DE82A8128F357A800711210 /* LinkHashMap.m */,
			);
			path = "05-哈希表";
			sourceTree = "<group>";
		};
		0DC90C4628F0242600AA8754 /* 06-堆 */ = {
			isa = PBXGroup;
			children = (
				0DE82A8628F4095500711210 /* 图片 */,
				0DC90C4C28F0252600AA8754 /* Heap.h */,
				0DC90C4D28F0252600AA8754 /* Heap.m */,
				0DC90C4B28F0252600AA8754 /* AbstractHeap.h */,
				0DC90C4828F0252500AA8754 /* AbstractHeap.m */,
				0DC90C4A28F0252600AA8754 /* BinaryHeap.h */,
				0DC90C4928F0252500AA8754 /* BinaryHeap.m */,
			);
			path = "06-堆";
			sourceTree = "<group>";
		};
		0DC90C5428F025F100AA8754 /* 08-Trie */ = {
			isa = PBXGroup;
			children = (
				0DE82A8B28F4098B00711210 /* 图片 */,
				0DC90C5728F025F100AA8754 /* TrieNode.h */,
				0DC90C5528F025F100AA8754 /* TrieNode.m */,
				0DC90C5828F025F100AA8754 /* Trie.h */,
				0DC90C5628F025F100AA8754 /* Trie.m */,
			);
			path = "08-Trie";
			sourceTree = "<group>";
		};
		0DE82A8628F4095500711210 /* 图片 */ = {
			isa = PBXGroup;
			children = (
				0DE82A8E28F4099900711210 /* 堆01.PNG */,
				0DE82A8C28F4099900711210 /* 堆02.PNG */,
				0DE82A8D28F4099900711210 /* 二叉堆00.PNG */,
				0DE82AA028F41CE100711210 /* 二叉堆01.PNG */,
				0DE82AAB28F41CE300711210 /* 二叉堆02.PNG */,
				0DE82AA528F41CE200711210 /* 二叉堆03.PNG */,
				0DE82AA128F41CE100711210 /* 二叉堆04.PNG */,
				0DE82AA228F41CE100711210 /* 二叉堆05.PNG */,
				0DE82AA628F41CE200711210 /* 二叉堆06.PNG */,
				0DE82AA328F41CE200711210 /* 二叉堆07.PNG */,
				0DE82A9F28F41CE100711210 /* 二叉堆08.PNG */,
				0DE82AA728F41CE200711210 /* 二叉堆09.PNG */,
				0DE82AA828F41CE200711210 /* 二叉堆10.PNG */,
				0DE82AAA28F41CE300711210 /* 二叉堆11.PNG */,
				0DE82A9E28F41CE100711210 /* 二叉堆12.PNG */,
				0DE82AA928F41CE300711210 /* 二叉堆13.PNG */,
				0DE82AA428F41CE200711210 /* 二叉堆14.PNG */,
			);
			path = "图片";
			sourceTree = "<group>";
		};
		0DE82A8728F4095C00711210 /* 图片 */ = {
			isa = PBXGroup;
			children = (
			);
			path = "图片";
			sourceTree = "<group>";
		};
		0DE82A8828F4096200711210 /* 图片 */ = {
			isa = PBXGroup;
			children = (
			);
			path = "图片";
			sourceTree = "<group>";
		};
		0DE82A8928F4096F00711210 /* 图片 */ = {
			isa = PBXGroup;
			children = (
			);
			path = "图片";
			sourceTree = "<group>";
		};
		0DE82A8B28F4098B00711210 /* 图片 */ = {
			isa = PBXGroup;
			children = (
			);
			path = "图片";
			sourceTree = "<group>";
		};
/* End PBXGroup section */

/* Begin PBXNativeTarget section */
		0DC90AC628EF4F4100AA8754 /* Love_DataStructure_Algorithm_OC */ = {
			isa = PBXNativeTarget;
			buildConfigurationList = 0DC90ACE28EF4F4100AA8754 /* Build configuration list for PBXNativeTarget "Love_DataStructure_Algorithm_OC" */;
			buildPhases = (
				0DC90AC328EF4F4100AA8754 /* Sources */,
				0DC90AC428EF4F4100AA8754 /* Frameworks */,
				0DC90AC528EF4F4100AA8754 /* CopyFiles */,
			);
			buildRules = (
			);
			dependencies = (
			);
			name = Love_DataStructure_Algorithm_OC;
			productName = Love_DataStructure_Algorithm_OC;
			productReference = 0DC90AC728EF4F4100AA8754 /* Love_DataStructure_Algorithm_OC */;
			productType = "com.apple.product-type.tool";
		};
/* End PBXNativeTarget section */

/* Begin PBXProject section */
		0DC90ABF28EF4F4100AA8754 /* Project object */ = {
			isa = PBXProject;
			attributes = {
				BuildIndependentTargetsInParallel = 1;
				LastUpgradeCheck = 1400;
				TargetAttributes = {
					0DC90AC628EF4F4100AA8754 = {
						CreatedOnToolsVersion = 14.0.1;
					};
				};
			};
			buildConfigurationList = 0DC90AC228EF4F4100AA8754 /* Build configuration list for PBXProject "Love_DataStructure_Algorithm_OC" */;
			compatibilityVersion = "Xcode 14.0";
			developmentRegion = en;
			hasScannedForEncodings = 0;
			knownRegions = (
				en,
				Base,
			);
			mainGroup = 0DC90ABE28EF4F4100AA8754;
			productRefGroup = 0DC90AC828EF4F4100AA8754 /* Products */;
			projectDirPath = "";
			projectRoot = "";
			targets = (
				0DC90AC628EF4F4100AA8754 /* Love_DataStructure_Algorithm_OC */,
			);
		};
/* End PBXProject section */

/* Begin PBXSourcesBuildPhase section */
		0DC90AC328EF4F4100AA8754 /* Sources */ = {
			isa = PBXSourcesBuildPhase;
			buildActionMask = 2147483647;
			files = (
				0D1BDC2628FEEBB0004F1D93 /* UnionFind_QU_Rank_PH.m in Sources */,
				0D1BDBD828FD60F7004F1D93 /* MergeSort.m in Sources */,
				0DC90B7B28EF667C00AA8754 /* TreeSet.m in Sources */,
				0DC90C4F28F0252600AA8754 /* BinaryHeap.m in Sources */,
				0DC90B6828EF4F8400AA8754 /* ArrayList.m in Sources */,
				0DC90C6828F1207F00AA8754 /* ArrayListUpgrade.m in Sources */,
				0D1BDC2328FEEBA0004F1D93 /* UnionFind_QU_Rank_PS.m in Sources */,
				0DC90B5428EF4F8400AA8754 /* MJPrinter.m in Sources */,
				0DC90C4E28F0252600AA8754 /* AbstractHeap.m in Sources */,
				0D1BDC3A28FFD248004F1D93 /* Vertex.m in Sources */,
				0D1BDC0128FD93D6004F1D93 /* QuickSort.m in Sources */,
				0D1BDC3728FFD237004F1D93 /* Edge.m in Sources */,
				0D1BDC3D28FFD258004F1D93 /* Graph.m in Sources */,
				0D1BDC1728FEEA5A004F1D93 /* UnionFind_QU.m in Sources */,
				0DC90B8828EF6C6D00AA8754 /* TreeMap.m in Sources */,
				0DC90B5D28EF4F8400AA8754 /* DoubleCircleLinkedList.m in Sources */,
				0D1BDBC728FC61A8004F1D93 /* BubbleSort.m in Sources */,
				0D1BDBD028FD3812004F1D93 /* InsertionSort.m in Sources */,
				0DC90B6628EF4F8400AA8754 /* LinkNode.m in Sources */,
				0D1BDBD528FD4677004F1D93 /* BinarySearch.m in Sources */,
				0DC90B6028EF4F8400AA8754 /* StackQueue.m in Sources */,
				0D1BDC2928FEEBE2004F1D93 /* UnionFindNode.m in Sources */,
				0DC90B5F28EF4F8400AA8754 /* Deque.m in Sources */,
				0DC90B5728EF4F8400AA8754 /* RBNode.m in Sources */,
				0DC90C5028F0252600AA8754 /* Heap.m in Sources */,
				0DC90B6428EF4F8400AA8754 /* List.m in Sources */,
				0DC90B6128EF4F8400AA8754 /* Queue.m in Sources */,
				0D1BDC1A28FEEA90004F1D93 /* UnionFind_QU_Size.m in Sources */,
				0D1BDC4028FFE41B004F1D93 /* ListGraph.m in Sources */,
				0DC90B6728EF4F8400AA8754 /* Stack.m in Sources */,
				0DC90C5928F025F100AA8754 /* TrieNode.m in Sources */,
				0DC90B5C28EF4F8400AA8754 /* DoubleLinkList.m in Sources */,
				0DC90C5328F0257800AA8754 /* PriorityQueue.m in Sources */,
				0DC90B5528EF4F8400AA8754 /* MJBinaryTrees.m in Sources */,
				0DC90B5228EF4F8400AA8754 /* MJInorderPrinter.m in Sources */,
				0DC90B5028EF4F8400AA8754 /* BinaryTree.m in Sources */,
				0D1BDC1428FEEA4B004F1D93 /* UnionFind_QF.m in Sources */,
				0DC90B5E28EF4F8400AA8754 /* LinkedList.m in Sources */,
				0DC90B5A28EF4F8400AA8754 /* BSTree.m in Sources */,
				0DC90B5828EF4F8400AA8754 /* RBTree.m in Sources */,
				0DC90C6128F02B7200AA8754 /* HashSet.m in Sources */,
				0DC90B4E28EF4F8400AA8754 /* AVLTree.m in Sources */,
				0D1BDC2C28FEEBF7004F1D93 /* GenericUnionFind.m in Sources */,
				0D1BDC1128FEEA31004F1D93 /* UnionFind.m in Sources */,
				0D1BDC2028FEEB91004F1D93 /* UnionFind_QU_Rank_PC.m in Sources */,
				0DC90B5928EF4F8400AA8754 /* BBSTree.m in Sources */,
				0D1BDC0728FD992E004F1D93 /* CountingSort.m in Sources */,
				0D1BDC4628FFE47A004F1D93 /* Path.m in Sources */,
				0DC90B6328EF4F8400AA8754 /* CircleQueue.m in Sources */,
				0DC90C5E28F02ACF00AA8754 /* HashNode.m in Sources */,
				0D1BDC1D28FEEB70004F1D93 /* UnionFind_QU_Rank.m in Sources */,
				0DC90B8928EF6C6D00AA8754 /* HashMap.m in Sources */,
				0DC90B4F28EF4F8400AA8754 /* AVLNode.m in Sources */,
				0DC90B5B28EF4F8400AA8754 /* SingleCircleLinkedList.m in Sources */,
				0DC90B7D28EF667C00AA8754 /* Set.m in Sources */,
				0DC90B5628EF4F8400AA8754 /* NSString+Trees.m in Sources */,
				0DC90B7C28EF667C00AA8754 /* ListSet.m in Sources */,
				0D1BDC0D28FD9994004F1D93 /* BucketSort.m in Sources */,
				0D1BDBC328FC5B0C004F1D93 /* Sort.m in Sources */,
				0DC90C5A28F025F100AA8754 /* Trie.m in Sources */,
				0D1BDBCD28FC61C4004F1D93 /* HeapSort.m in Sources */,
				0D82B82F29019F0100759054 /* GraphTest.m in Sources */,
				0DE82A8528F3E02000711210 /* LinkHashNode.m in Sources */,
				0DC90B5128EF4F8400AA8754 /* TreeNode.m in Sources */,
				0DC90B6528EF4F8400AA8754 /* AbstractList.m in Sources */,
				0DC90B8A28EF6C6D00AA8754 /* MapNode.m in Sources */,
				0DE82A8228F357A800711210 /* LinkHashMap.m in Sources */,
				0DC90B6228EF4F8400AA8754 /* CircleDeque.m in Sources */,
				0DC90B6A28EF661600AA8754 /* main.m in Sources */,
				0D1BDC0A28FD9964004F1D93 /* RadixSort.m in Sources */,
				0D1BDBCA28FC61B7004F1D93 /* SelectionSort.m in Sources */,
				0DC90B8728EF6C6D00AA8754 /* Map.m in Sources */,
				0DC90B5328EF4F8400AA8754 /* MJLevelOrderPrinter.m in Sources */,
				0D1BDC0428FD98FB004F1D93 /* ShellSort.m in Sources */,
				0D66C5A728F8213000D280E2 /* QueueStack.m in Sources */,
			);
			runOnlyForDeploymentPostprocessing = 0;
		};
/* End PBXSourcesBuildPhase section */

/* Begin XCBuildConfiguration section */
		0DC90ACC28EF4F4100AA8754 /* Debug */ = {
			isa = XCBuildConfiguration;
			buildSettings = {
				ALWAYS_SEARCH_USER_PATHS = NO;
				CLANG_ANALYZER_NONNULL = YES;
				CLANG_ANALYZER_NUMBER_OBJECT_CONVERSION = YES_AGGRESSIVE;
				CLANG_CXX_LANGUAGE_STANDARD = "gnu++20";
				CLANG_ENABLE_MODULES = YES;
				CLANG_ENABLE_OBJC_ARC = YES;
				CLANG_ENABLE_OBJC_WEAK = YES;
				CLANG_WARN_BLOCK_CAPTURE_AUTORELEASING = YES;
				CLANG_WARN_BOOL_CONVERSION = YES;
				CLANG_WARN_COMMA = YES;
				CLANG_WARN_CONSTANT_CONVERSION = YES;
				CLANG_WARN_DEPRECATED_OBJC_IMPLEMENTATIONS = YES;
				CLANG_WARN_DIRECT_OBJC_ISA_USAGE = YES_ERROR;
				CLANG_WARN_DOCUMENTATION_COMMENTS = YES;
				CLANG_WARN_EMPTY_BODY = YES;
				CLANG_WARN_ENUM_CONVERSION = YES;
				CLANG_WARN_INFINITE_RECURSION = YES;
				CLANG_WARN_INT_CONVERSION = YES;
				CLANG_WARN_NON_LITERAL_NULL_CONVERSION = YES;
				CLANG_WARN_OBJC_IMPLICIT_RETAIN_SELF = YES;
				CLANG_WARN_OBJC_LITERAL_CONVERSION = YES;
				CLANG_WARN_OBJC_ROOT_CLASS = YES_ERROR;
				CLANG_WARN_QUOTED_INCLUDE_IN_FRAMEWORK_HEADER = YES;
				CLANG_WARN_RANGE_LOOP_ANALYSIS = YES;
				CLANG_WARN_STRICT_PROTOTYPES = YES;
				CLANG_WARN_SUSPICIOUS_MOVE = YES;
				CLANG_WARN_UNGUARDED_AVAILABILITY = YES_AGGRESSIVE;
				CLANG_WARN_UNREACHABLE_CODE = YES;
				CLANG_WARN__DUPLICATE_METHOD_MATCH = YES;
				COPY_PHASE_STRIP = NO;
				DEBUG_INFORMATION_FORMAT = dwarf;
				ENABLE_STRICT_OBJC_MSGSEND = YES;
				ENABLE_TESTABILITY = YES;
				GCC_C_LANGUAGE_STANDARD = gnu11;
				GCC_DYNAMIC_NO_PIC = NO;
				GCC_NO_COMMON_BLOCKS = YES;
				GCC_OPTIMIZATION_LEVEL = 0;
				GCC_PREPROCESSOR_DEFINITIONS = (
					"DEBUG=1",
					"$(inherited)",
				);
				GCC_WARN_64_TO_32_BIT_CONVERSION = YES;
				GCC_WARN_ABOUT_RETURN_TYPE = YES_ERROR;
				GCC_WARN_UNDECLARED_SELECTOR = YES;
				GCC_WARN_UNINITIALIZED_AUTOS = YES_AGGRESSIVE;
				GCC_WARN_UNUSED_FUNCTION = YES;
				GCC_WARN_UNUSED_VARIABLE = YES;
				MACOSX_DEPLOYMENT_TARGET = 12.3;
				MTL_ENABLE_DEBUG_INFO = INCLUDE_SOURCE;
				MTL_FAST_MATH = YES;
				ONLY_ACTIVE_ARCH = YES;
				SDKROOT = macosx;
			};
			name = Debug;
		};
		0DC90ACD28EF4F4100AA8754 /* Release */ = {
			isa = XCBuildConfiguration;
			buildSettings = {
				ALWAYS_SEARCH_USER_PATHS = NO;
				CLANG_ANALYZER_NONNULL = YES;
				CLANG_ANALYZER_NUMBER_OBJECT_CONVERSION = YES_AGGRESSIVE;
				CLANG_CXX_LANGUAGE_STANDARD = "gnu++20";
				CLANG_ENABLE_MODULES = YES;
				CLANG_ENABLE_OBJC_ARC = YES;
				CLANG_ENABLE_OBJC_WEAK = YES;
				CLANG_WARN_BLOCK_CAPTURE_AUTORELEASING = YES;
				CLANG_WARN_BOOL_CONVERSION = YES;
				CLANG_WARN_COMMA = YES;
				CLANG_WARN_CONSTANT_CONVERSION = YES;
				CLANG_WARN_DEPRECATED_OBJC_IMPLEMENTATIONS = YES;
				CLANG_WARN_DIRECT_OBJC_ISA_USAGE = YES_ERROR;
				CLANG_WARN_DOCUMENTATION_COMMENTS = YES;
				CLANG_WARN_EMPTY_BODY = YES;
				CLANG_WARN_ENUM_CONVERSION = YES;
				CLANG_WARN_INFINITE_RECURSION = YES;
				CLANG_WARN_INT_CONVERSION = YES;
				CLANG_WARN_NON_LITERAL_NULL_CONVERSION = YES;
				CLANG_WARN_OBJC_IMPLICIT_RETAIN_SELF = YES;
				CLANG_WARN_OBJC_LITERAL_CONVERSION = YES;
				CLANG_WARN_OBJC_ROOT_CLASS = YES_ERROR;
				CLANG_WARN_QUOTED_INCLUDE_IN_FRAMEWORK_HEADER = YES;
				CLANG_WARN_RANGE_LOOP_ANALYSIS = YES;
				CLANG_WARN_STRICT_PROTOTYPES = YES;
				CLANG_WARN_SUSPICIOUS_MOVE = YES;
				CLANG_WARN_UNGUARDED_AVAILABILITY = YES_AGGRESSIVE;
				CLANG_WARN_UNREACHABLE_CODE = YES;
				CLANG_WARN__DUPLICATE_METHOD_MATCH = YES;
				COPY_PHASE_STRIP = NO;
				DEBUG_INFORMATION_FORMAT = "dwarf-with-dsym";
				ENABLE_NS_ASSERTIONS = NO;
				ENABLE_STRICT_OBJC_MSGSEND = YES;
				GCC_C_LANGUAGE_STANDARD = gnu11;
				GCC_NO_COMMON_BLOCKS = YES;
				GCC_WARN_64_TO_32_BIT_CONVERSION = YES;
				GCC_WARN_ABOUT_RETURN_TYPE = YES_ERROR;
				GCC_WARN_UNDECLARED_SELECTOR = YES;
				GCC_WARN_UNINITIALIZED_AUTOS = YES_AGGRESSIVE;
				GCC_WARN_UNUSED_FUNCTION = YES;
				GCC_WARN_UNUSED_VARIABLE = YES;
				MACOSX_DEPLOYMENT_TARGET = 12.3;
				MTL_ENABLE_DEBUG_INFO = NO;
				MTL_FAST_MATH = YES;
				SDKROOT = macosx;
			};
			name = Release;
		};
		0DC90ACF28EF4F4100AA8754 /* Debug */ = {
			isa = XCBuildConfiguration;
			buildSettings = {
				CODE_SIGN_STYLE = Automatic;
				GCC_PREFIX_HEADER = "$(SRCROOT)/Love_DataStructure_Algorithm_OC/PrefixHeader.pch";
				PRODUCT_NAME = "$(TARGET_NAME)";
			};
			name = Debug;
		};
		0DC90AD028EF4F4100AA8754 /* Release */ = {
			isa = XCBuildConfiguration;
			buildSettings = {
				CODE_SIGN_STYLE = Automatic;
				GCC_PREFIX_HEADER = "$(SRCROOT)/Love_DataStructure_Algorithm_OC/PrefixHeader.pch";
				PRODUCT_NAME = "$(TARGET_NAME)";
			};
			name = Release;
		};
/* End XCBuildConfiguration section */

/* Begin XCConfigurationList section */
		0DC90AC228EF4F4100AA8754 /* Build configuration list for PBXProject "Love_DataStructure_Algorithm_OC" */ = {
			isa = XCConfigurationList;
			buildConfigurations = (
				0DC90ACC28EF4F4100AA8754 /* Debug */,
				0DC90ACD28EF4F4100AA8754 /* Release */,
			);
			defaultConfigurationIsVisible = 0;
			defaultConfigurationName = Release;
		};
		0DC90ACE28EF4F4100AA8754 /* Build configuration list for PBXNativeTarget "Love_DataStructure_Algorithm_OC" */ = {
			isa = XCConfigurationList;
			buildConfigurations = (
				0DC90ACF28EF4F4100AA8754 /* Debug */,
				0DC90AD028EF4F4100AA8754 /* Release */,
			);
			defaultConfigurationIsVisible = 0;
			defaultConfigurationName = Release;
		};
/* End XCConfigurationList section */
	};
	rootObject = 0DC90ABF28EF4F4100AA8754 /* Project object */;
}
